{"format_version":"1.2","terraform_version":"1.9.8","variables":{"generic_info":{"value":{"custom_tags":{"Workspace":"cmrs-pass-dev"},"environment":"dev-th","name":"app","prefix":"test","region":"ap-southeast-7"}},"is_database_created":{"value":true},"networking_info":{"value":{"database_subnet_ids":["subnet-0ae7f81fb2ff6106d","subnet-0dc4eee4d0eb58361"],"private_subnet_ids":["subnet-086ed7598eaecd0fa","subnet-00a72389ec5a63220"],"public_subnet_ids":["subnet-0bf984e955b2fdf80","subnet-0fc8af97031f83e5c"],"route_table_ids":["rtb-005afb677d41f6ad0","rtb-0644c7d6364d5ad65"],"vpc_id":"vpc-0d6be2c0fe8bb363a"}},"rds_additional_client_security_group_ingress_rules":{"value":[]},"rds_additional_cluster_security_group_ingress_rules":{"value":[]},"rds_backup_retention_period":{"value":7},"rds_backup_window":{"value":"03:00-04:00"},"rds_credential":{"value":{"password":"password","username":"postgres"}},"rds_deletion_protection":{"value":false},"rds_enabled_cloudwatch_logs_exports":{"value":["postgresql","upgrade"]},"rds_engine":{"value":"postgres"},"rds_engine_version":{"value":"17.2"},"rds_instance_class":{"value":"db.t3.micro"},"rds_maintenance_window":{"value":"Sat:04:00-Sat:05:00"},"rds_parameter_family":{"value":"postgres17"},"rds_parameters":{"value":[]},"rds_storage":{"value":{"allocated_storage":20,"max_allocated_storage":50,"storage_type":"gp3"}},"rds_storage_encrypted":{"value":true}},"planned_values":{"root_module":{"child_modules":[{"resources":[{"address":"module.rds_postgres.aws_cloudwatch_log_group.this[0]","mode":"managed","type":"aws_cloudwatch_log_group","name":"this","index":0,"provider_name":"registry.terraform.io/hashicorp/aws","schema_version":0,"values":{"name":"/aws/rds/instance/test-dev-th-app-db/postgresql","retention_in_days":90,"skip_destroy":false,"tags":{"Environment":"dev-th","Terraform":"true","Workspace":"cmrs-pass-dev"},"tags_all":{"Environment":"dev-th","Terraform":"true","Workspace":"cmrs-pass-dev"}},"sensitive_values":{"tags":{},"tags_all":{}}},{"address":"module.rds_postgres.aws_cloudwatch_log_group.this[1]","mode":"managed","type":"aws_cloudwatch_log_group","name":"this","index":1,"provider_name":"registry.terraform.io/hashicorp/aws","schema_version":0,"values":{"name":"/aws/rds/instance/test-dev-th-app-db/upgrade","retention_in_days":90,"skip_destroy":false,"tags":{"Environment":"dev-th","Terraform":"true","Workspace":"cmrs-pass-dev"},"tags_all":{"Environment":"dev-th","Terraform":"true","Workspace":"cmrs-pass-dev"}},"sensitive_values":{"tags":{},"tags_all":{}}},{"address":"module.rds_postgres.aws_db_instance.this[0]","mode":"managed","type":"aws_db_instance","name":"this","index":0,"provider_name":"registry.terraform.io/hashicorp/aws","schema_version":2,"values":{"allocated_storage":20,"allow_major_version_upgrade":false,"apply_immediately":false,"auto_minor_version_upgrade":false,"backup_retention_period":7,"backup_window":"03:00-04:00","blue_green_update":[],"copy_tags_to_snapshot":true,"custom_iam_instance_profile":null,"customer_owned_ip_enabled":null,"db_subnet_group_name":"test-dev-th-app-db-sngroup","dedicated_log_volume":false,"delete_automated_backups":true,"deletion_protection":false,"domain":null,"domain_auth_secret_arn":null,"domain_dns_ips":null,"domain_iam_role_name":null,"domain_ou":null,"enabled_cloudwatch_logs_exports":["postgresql","upgrade"],"engine":"postgres","engine_version":"17.2","final_snapshot_identifier":"test-dev-th-app-db","iam_database_authentication_enabled":false,"identifier":"test-dev-th-app-db","instance_class":"db.t3.micro","maintenance_window":"sat:04:00-sat:05:00","manage_master_user_password":null,"max_allocated_storage":50,"monitoring_interval":60,"multi_az":false,"password":"password","password_wo":null,"password_wo_version":null,"performance_insights_enabled":true,"performance_insights_retention_period":7,"port":5432,"publicly_accessible":false,"replicate_source_db":null,"restore_to_point_in_time":[],"s3_import":[],"skip_final_snapshot":false,"storage_encrypted":true,"storage_type":"gp3","tags":{"Environment":"dev-th","Name":"test-dev-th-app-db","Terraform":"true","Workspace":"cmrs-pass-dev"},"tags_all":{"Environment":"dev-th","Name":"test-dev-th-app-db","Terraform":"true","Workspace":"cmrs-pass-dev"},"timeouts":{"create":"120m","delete":"40m","update":"80m"},"upgrade_storage_config":null,"username":"postgres"},"sensitive_values":{"blue_green_update":[],"enabled_cloudwatch_logs_exports":[false,false],"listener_endpoint":[],"master_user_secret":[],"password":true,"password_wo":true,"replicas":[],"restore_to_point_in_time":[],"s3_import":[],"tags":{},"tags_all":{},"timeouts":{},"username":true,"vpc_security_group_ids":[]}},{"address":"module.rds_postgres.aws_db_parameter_group.this[0]","mode":"managed","type":"aws_db_parameter_group","name":"this","index":0,"provider_name":"registry.terraform.io/hashicorp/aws","schema_version":0,"values":{"description":"Database parameter group for test-dev-th-app-db","family":"postgres17","name":"test-dev-th-app-db-param","parameter":[],"skip_destroy":false,"tags":{"Environment":"dev-th","Name":"test-dev-th-app-db-param","Terraform":"true","Workspace":"cmrs-pass-dev"},"tags_all":{"Environment":"dev-th","Name":"test-dev-th-app-db-param","Terraform":"true","Workspace":"cmrs-pass-dev"}},"sensitive_values":{"parameter":[],"tags":{},"tags_all":{}}},{"address":"module.rds_postgres.aws_db_subnet_group.this[0]","mode":"managed","type":"aws_db_subnet_group","name":"this","index":0,"provider_name":"registry.terraform.io/hashicorp/aws","schema_version":0,"values":{"description":"Database subnet group for test-dev-th-app-db","name":"test-dev-th-app-db-sngroup","subnet_ids":["subnet-0ae7f81fb2ff6106d","subnet-0dc4eee4d0eb58361"],"tags":{"Environment":"dev-th","Name":"test-dev-th-app-db-sngroup","Terraform":"true","Workspace":"cmrs-pass-dev"},"tags_all":{"Environment":"dev-th","Name":"test-dev-th-app-db-sngroup","Terraform":"true","Workspace":"cmrs-pass-dev"}},"sensitive_values":{"subnet_ids":[false,false],"supported_network_types":[],"tags":{},"tags_all":{}}},{"address":"module.rds_postgres.aws_iam_role.enhanced_monitoring[0]","mode":"managed","type":"aws_iam_role","name":"enhanced_monitoring","index":0,"provider_name":"registry.terraform.io/hashicorp/aws","schema_version":0,"values":{"assume_role_policy":"{\"Statement\":[{\"Action\":\"sts:AssumeRole\",\"Effect\":\"Allow\",\"Principal\":{\"Service\":\"monitoring.rds.amazonaws.com\"},\"Sid\":\"\"}],\"Version\":\"2012-10-17\"}","description":null,"force_detach_policies":false,"managed_policy_arns":["arn:aws:iam::aws:policy/service-role/AmazonRDSEnhancedMonitoringRole"],"max_session_duration":3600,"name":"test-dev-th-app-db-monitoring-role","path":"/","permissions_boundary":null,"tags":{"Environment":"dev-th","Name":"test-dev-th-app-db-monitoring-role","Terraform":"true","Workspace":"cmrs-pass-dev"},"tags_all":{"Environment":"dev-th","Name":"test-dev-th-app-db-monitoring-role","Terraform":"true","Workspace":"cmrs-pass-dev"}},"sensitive_values":{"inline_policy":[],"managed_policy_arns":[false],"tags":{},"tags_all":{}}},{"address":"module.rds_postgres.aws_secretsmanager_secret.postgres_creds[0]","mode":"managed","type":"aws_secretsmanager_secret","name":"postgres_creds","index":0,"provider_name":"registry.terraform.io/hashicorp/aws","schema_version":0,"values":{"description":"Postgres RDS Master Credentials","force_overwrite_replica_secret":false,"recovery_window_in_days":30,"tags":{"Name":"test-dev-th-app-db/postgres-master-creds","Workspace":"cmrs-pass-dev"},"tags_all":{"Name":"test-dev-th-app-db/postgres-master-creds","Workspace":"cmrs-pass-dev"}},"sensitive_values":{"replica":[],"tags":{},"tags_all":{}}},{"address":"module.rds_postgres.aws_secretsmanager_secret_version.postgres_creds[0]","mode":"managed","type":"aws_secretsmanager_secret_version","name":"postgres_creds","index":0,"provider_name":"registry.terraform.io/hashicorp/aws","schema_version":0,"values":{"secret_binary":null,"secret_string_wo":null,"secret_string_wo_version":null},"sensitive_values":{"secret_binary":true,"secret_string":true,"secret_string_wo":true,"version_stages":[]}},{"address":"module.rds_postgres.aws_security_group.client","mode":"managed","type":"aws_security_group","name":"client","provider_name":"registry.terraform.io/hashicorp/aws","schema_version":1,"values":{"description":"Security group for the test-dev-th-app-db postgresql client","name":"test-dev-th-app-db-client-sg","revoke_rules_on_delete":false,"tags":{"Environment":"dev-th","Name":"test-dev-th-app-db-client-sg","Terraform":"true","Workspace":"cmrs-pass-dev"},"tags_all":{"Environment":"dev-th","Name":"test-dev-th-app-db-client-sg","Terraform":"true","Workspace":"cmrs-pass-dev"},"timeouts":null,"vpc_id":"vpc-0d6be2c0fe8bb363a"},"sensitive_values":{"egress":[],"ingress":[],"tags":{},"tags_all":{}}},{"address":"module.rds_postgres.aws_security_group.cluster[0]","mode":"managed","type":"aws_security_group","name":"cluster","index":0,"provider_name":"registry.terraform.io/hashicorp/aws","schema_version":1,"values":{"description":"Security group for the test-dev-th-app-db postgresql","name":"test-dev-th-app-db-sg","revoke_rules_on_delete":false,"tags":{"Environment":"dev-th","Name":"test-dev-th-app-db-sg","Terraform":"true","Workspace":"cmrs-pass-dev"},"tags_all":{"Environment":"dev-th","Name":"test-dev-th-app-db-sg","Terraform":"true","Workspace":"cmrs-pass-dev"},"timeouts":null,"vpc_id":"vpc-0d6be2c0fe8bb363a"},"sensitive_values":{"egress":[],"ingress":[],"tags":{},"tags_all":{}}},{"address":"module.rds_postgres.aws_security_group_rule.additional_client_egress[0]","mode":"managed","type":"aws_security_group_rule","name":"additional_client_egress","index":0,"provider_name":"registry.terraform.io/hashicorp/aws","schema_version":2,"values":{"cidr_blocks":["0.0.0.0/0"],"description":"allow to any","from_port":-1,"ipv6_cidr_blocks":null,"prefix_list_ids":null,"protocol":"-1","self":false,"timeouts":null,"to_port":-1,"type":"egress"},"sensitive_values":{"cidr_blocks":[false]}},{"address":"module.rds_postgres.aws_security_group_rule.from_client","mode":"managed","type":"aws_security_group_rule","name":"from_client","provider_name":"registry.terraform.io/hashicorp/aws","schema_version":2,"values":{"cidr_blocks":null,"description":"Ingress rule for allow traffic from rds client security group","from_port":5432,"ipv6_cidr_blocks":null,"prefix_list_ids":null,"protocol":"tcp","self":false,"timeouts":null,"to_port":5432,"type":"ingress"},"sensitive_values":{}},{"address":"module.rds_postgres.aws_security_group_rule.to_cluster","mode":"managed","type":"aws_security_group_rule","name":"to_cluster","provider_name":"registry.terraform.io/hashicorp/aws","schema_version":2,"values":{"cidr_blocks":null,"description":"Egress rule for allow traffic to rds cluster security group","from_port":5432,"ipv6_cidr_blocks":null,"prefix_list_ids":null,"protocol":"tcp","self":false,"timeouts":null,"to_port":5432,"type":"egress"},"sensitive_values":{}},{"address":"module.rds_postgres.random_string.postgres_creds_random_suffix","mode":"managed","type":"random_string","name":"postgres_creds_random_suffix","provider_name":"registry.terraform.io/hashicorp/random","schema_version":2,"values":{"keepers":null,"length":6,"lower":true,"min_lower":0,"min_numeric":0,"min_special":0,"min_upper":0,"number":true,"numeric":true,"override_special":null,"special":false,"upper":true},"sensitive_values":{}}],"address":"module.rds_postgres","child_modules":[{"resources":[{"address":"module.rds_postgres.module.cloudwatch_log_group_kms[0].aws_kms_alias.this","mode":"managed","type":"aws_kms_alias","name":"this","provider_name":"registry.terraform.io/hashicorp/aws","schema_version":0,"sensitive_values":{}},{"address":"module.rds_postgres.module.cloudwatch_log_group_kms[0].aws_kms_key.this","mode":"managed","type":"aws_kms_key","name":"this","provider_name":"registry.terraform.io/hashicorp/aws","schema_version":0,"values":{"bypass_policy_lockout_safety_check":false,"custom_key_store_id":null,"customer_master_key_spec":"SYMMETRIC_DEFAULT","deletion_window_in_days":30,"description":"Secure Secrets Manager's service secrets for service test-dev-th-app-db","enable_key_rotation":true,"is_enabled":true,"key_usage":"ENCRYPT_DECRYPT","policy":"{\"Statement\":[{\"Action\":[\"kms:Update*\",\"kms:UntagResource\",\"kms:TagResource\",\"kms:ScheduleKeyDeletion\",\"kms:Revoke*\",\"kms:Put*\",\"kms:List*\",\"kms:Get*\",\"kms:Enable*\",\"kms:Disable*\",\"kms:Describe*\",\"kms:Delete*\",\"kms:Create*\",\"kms:CancelKeyDeletion\"],\"Effect\":\"Allow\",\"Principal\":{\"AWS\":\"arn:aws:iam::140023376669:root\"},\"Resource\":\"*\",\"Sid\":\"Allow Admin\"},{\"Action\":[\"kms:ReEncrypt*\",\"kms:GenerateDataKey*\",\"kms:Encrypt\",\"kms:DescribeKey\",\"kms:Decrypt\",\"kms:CreateGrant\"],\"Condition\":{\"StringEquals\":{\"kms:CallerAccount\":[],\"kms:ViaService\":[]}},\"Effect\":\"Allow\",\"Principal\":{\"AWS\":\"*\"},\"Resource\":\"*\",\"Sid\":\"Allow Cryptography\"},{\"Action\":[\"kms:ReEncrypt*\",\"kms:GenerateDataKey*\",\"kms:Encrypt*\",\"kms:Describe*\",\"kms:Decrypt*\"],\"Condition\":{\"ArnEquals\":{\"kms:EncryptionContext:aws:logs:arn\":[\"arn:aws:logs:ap-southeast-1:140023376669:log-group:/aws/rds/instance/test-dev-th-app-db/postgresql\",\"arn:aws:logs:ap-southeast-1:140023376669:log-group:/aws/rds/instance/test-dev-th-app-db/upgrade\"]}},\"Effect\":\"Allow\",\"Principal\":{\"Service\":\"logs.ap-southeast-1.amazonaws.com\"},\"Resource\":\"*\",\"Sid\":\"AllowCloudWatchToDoCryptography\"}],\"Version\":\"2012-10-17\"}","timeouts":null,"xks_key_id":null},"sensitive_values":{"tags":{},"tags_all":{}}},{"address":"module.rds_postgres.module.cloudwatch_log_group_kms[0].random_string.random_suffix","mode":"managed","type":"random_string","name":"random_suffix","provider_name":"registry.terraform.io/hashicorp/random","schema_version":2,"values":{"keepers":null,"length":5,"lower":true,"min_lower":0,"min_numeric":0,"min_special":0,"min_upper":0,"number":false,"numeric":false,"override_special":null,"special":false,"upper":false},"sensitive_values":{}}],"address":"module.rds_postgres.module.cloudwatch_log_group_kms[0]"},{"resources":[{"address":"module.rds_postgres.module.postgres_creds_kms_key[0].aws_kms_alias.this","mode":"managed","type":"aws_kms_alias","name":"this","provider_name":"registry.terraform.io/hashicorp/aws","schema_version":0,"sensitive_values":{}},{"address":"module.rds_postgres.module.postgres_creds_kms_key[0].aws_kms_key.this","mode":"managed","type":"aws_kms_key","name":"this","provider_name":"registry.terraform.io/hashicorp/aws","schema_version":0,"values":{"bypass_policy_lockout_safety_check":false,"custom_key_store_id":null,"customer_master_key_spec":"SYMMETRIC_DEFAULT","deletion_window_in_days":30,"description":"Used to encrypt data in test-dev-th-app-db-secret-postgres","enable_key_rotation":true,"is_enabled":true,"key_usage":"ENCRYPT_DECRYPT","policy":"{\"Statement\":[{\"Action\":[\"kms:Update*\",\"kms:UntagResource\",\"kms:TagResource\",\"kms:ScheduleKeyDeletion\",\"kms:Revoke*\",\"kms:Put*\",\"kms:List*\",\"kms:Get*\",\"kms:Enable*\",\"kms:Disable*\",\"kms:Describe*\",\"kms:Delete*\",\"kms:Create*\",\"kms:CancelKeyDeletion\"],\"Effect\":\"Allow\",\"Principal\":{\"AWS\":\"arn:aws:iam::140023376669:root\"},\"Resource\":\"*\",\"Sid\":\"Allow Admin\"},{\"Action\":[\"kms:ReEncrypt*\",\"kms:GenerateDataKey*\",\"kms:Encrypt\",\"kms:DescribeKey\",\"kms:Decrypt\",\"kms:CreateGrant\"],\"Condition\":{\"StringEquals\":{\"kms:CallerAccount\":\"140023376669\",\"kms:ViaService\":\"secretsmanager.ap-southeast-1.amazonaws.com\"}},\"Effect\":\"Allow\",\"Principal\":{\"AWS\":\"*\"},\"Resource\":\"*\",\"Sid\":\"Allow Cryptography\"}],\"Version\":\"2012-10-17\"}","timeouts":null,"xks_key_id":null},"sensitive_values":{"tags":{},"tags_all":{}}},{"address":"module.rds_postgres.module.postgres_creds_kms_key[0].random_string.random_suffix","mode":"managed","type":"random_string","name":"random_suffix","provider_name":"registry.terraform.io/hashicorp/random","schema_version":2,"values":{"keepers":null,"length":5,"lower":true,"min_lower":0,"min_numeric":0,"min_special":0,"min_upper":0,"number":false,"numeric":false,"override_special":null,"special":false,"upper":false},"sensitive_values":{}}],"address":"module.rds_postgres.module.postgres_creds_kms_key[0]"},{"resources":[{"address":"module.rds_postgres.module.rds_kms[0].aws_kms_alias.this","mode":"managed","type":"aws_kms_alias","name":"this","provider_name":"registry.terraform.io/hashicorp/aws","schema_version":0,"sensitive_values":{}},{"address":"module.rds_postgres.module.rds_kms[0].aws_kms_key.this","mode":"managed","type":"aws_kms_key","name":"this","provider_name":"registry.terraform.io/hashicorp/aws","schema_version":0,"values":{"bypass_policy_lockout_safety_check":false,"custom_key_store_id":null,"customer_master_key_spec":"SYMMETRIC_DEFAULT","deletion_window_in_days":30,"description":"Used to encrypt data in test-dev-th-app-db","enable_key_rotation":true,"is_enabled":true,"key_usage":"ENCRYPT_DECRYPT","policy":"{\"Statement\":[{\"Action\":[\"kms:Update*\",\"kms:UntagResource\",\"kms:TagResource\",\"kms:ScheduleKeyDeletion\",\"kms:Revoke*\",\"kms:Put*\",\"kms:List*\",\"kms:Get*\",\"kms:Enable*\",\"kms:Disable*\",\"kms:Describe*\",\"kms:Delete*\",\"kms:Create*\",\"kms:CancelKeyDeletion\"],\"Effect\":\"Allow\",\"Principal\":{\"AWS\":\"arn:aws:iam::140023376669:root\"},\"Resource\":\"*\",\"Sid\":\"Allow Admin\"},{\"Action\":[\"kms:ReEncrypt*\",\"kms:GenerateDataKey*\",\"kms:Encrypt\",\"kms:DescribeKey\",\"kms:Decrypt\",\"kms:CreateGrant\"],\"Condition\":{\"StringEquals\":{\"kms:CallerAccount\":\"140023376669\",\"kms:ViaService\":\"rds.ap-southeast-1.amazonaws.com\"}},\"Effect\":\"Allow\",\"Principal\":{\"AWS\":\"*\"},\"Resource\":\"*\",\"Sid\":\"Allow Cryptography\"}],\"Version\":\"2012-10-17\"}","timeouts":null,"xks_key_id":null},"sensitive_values":{"tags":{},"tags_all":{}}},{"address":"module.rds_postgres.module.rds_kms[0].random_string.random_suffix","mode":"managed","type":"random_string","name":"random_suffix","provider_name":"registry.terraform.io/hashicorp/random","schema_version":2,"values":{"keepers":null,"length":5,"lower":true,"min_lower":0,"min_numeric":0,"min_special":0,"min_upper":0,"number":false,"numeric":false,"override_special":null,"special":false,"upper":false},"sensitive_values":{}}],"address":"module.rds_postgres.module.rds_kms[0]"}]}]}},"resource_changes":[{"address":"module.rds_postgres.aws_cloudwatch_log_group.this[0]","module_address":"module.rds_postgres","mode":"managed","type":"aws_cloudwatch_log_group","name":"this","index":0,"provider_name":"registry.terraform.io/hashicorp/aws","change":{"actions":["create"],"before":null,"after":{"name":"/aws/rds/instance/test-dev-th-app-db/postgresql","retention_in_days":90,"skip_destroy":false,"tags":{"Environment":"dev-th","Terraform":"true","Workspace":"cmrs-pass-dev"},"tags_all":{"Environment":"dev-th","Terraform":"true","Workspace":"cmrs-pass-dev"}},"after_unknown":{"arn":true,"id":true,"kms_key_id":true,"log_group_class":true,"name_prefix":true,"tags":{},"tags_all":{}},"before_sensitive":false,"after_sensitive":{"tags":{},"tags_all":{}}}},{"address":"module.rds_postgres.aws_cloudwatch_log_group.this[1]","module_address":"module.rds_postgres","mode":"managed","type":"aws_cloudwatch_log_group","name":"this","index":1,"provider_name":"registry.terraform.io/hashicorp/aws","change":{"actions":["create"],"before":null,"after":{"name":"/aws/rds/instance/test-dev-th-app-db/upgrade","retention_in_days":90,"skip_destroy":false,"tags":{"Environment":"dev-th","Terraform":"true","Workspace":"cmrs-pass-dev"},"tags_all":{"Environment":"dev-th","Terraform":"true","Workspace":"cmrs-pass-dev"}},"after_unknown":{"arn":true,"id":true,"kms_key_id":true,"log_group_class":true,"name_prefix":true,"tags":{},"tags_all":{}},"before_sensitive":false,"after_sensitive":{"tags":{},"tags_all":{}}}},{"address":"module.rds_postgres.aws_db_instance.this[0]","module_address":"module.rds_postgres","mode":"managed","type":"aws_db_instance","name":"this","index":0,"provider_name":"registry.terraform.io/hashicorp/aws","change":{"actions":["create"],"before":null,"after":{"allocated_storage":20,"allow_major_version_upgrade":false,"apply_immediately":false,"auto_minor_version_upgrade":false,"backup_retention_period":7,"backup_window":"03:00-04:00","blue_green_update":[],"copy_tags_to_snapshot":true,"custom_iam_instance_profile":null,"customer_owned_ip_enabled":null,"db_subnet_group_name":"test-dev-th-app-db-sngroup","dedicated_log_volume":false,"delete_automated_backups":true,"deletion_protection":false,"domain":null,"domain_auth_secret_arn":null,"domain_dns_ips":null,"domain_iam_role_name":null,"domain_ou":null,"enabled_cloudwatch_logs_exports":["postgresql","upgrade"],"engine":"postgres","engine_version":"17.2","final_snapshot_identifier":"test-dev-th-app-db","iam_database_authentication_enabled":false,"identifier":"test-dev-th-app-db","instance_class":"db.t3.micro","maintenance_window":"sat:04:00-sat:05:00","manage_master_user_password":null,"max_allocated_storage":50,"monitoring_interval":60,"multi_az":false,"password":"password","password_wo":null,"password_wo_version":null,"performance_insights_enabled":true,"performance_insights_retention_period":7,"port":5432,"publicly_accessible":false,"replicate_source_db":null,"restore_to_point_in_time":[],"s3_import":[],"skip_final_snapshot":false,"storage_encrypted":true,"storage_type":"gp3","tags":{"Environment":"dev-th","Name":"test-dev-th-app-db","Terraform":"true","Workspace":"cmrs-pass-dev"},"tags_all":{"Environment":"dev-th","Name":"test-dev-th-app-db","Terraform":"true","Workspace":"cmrs-pass-dev"},"timeouts":{"create":"120m","delete":"40m","update":"80m"},"upgrade_storage_config":null,"username":"postgres"},"after_unknown":{"address":true,"arn":true,"availability_zone":true,"backup_target":true,"blue_green_update":[],"ca_cert_identifier":true,"character_set_name":true,"database_insights_mode":true,"db_name":true,"domain_fqdn":true,"enabled_cloudwatch_logs_exports":[false,false],"endpoint":true,"engine_lifecycle_support":true,"engine_version_actual":true,"hosted_zone_id":true,"id":true,"identifier_prefix":true,"iops":true,"kms_key_id":true,"latest_restorable_time":true,"license_model":true,"listener_endpoint":true,"master_user_secret":true,"master_user_secret_kms_key_id":true,"monitoring_role_arn":true,"nchar_character_set_name":true,"network_type":true,"option_group_name":true,"parameter_group_name":true,"performance_insights_kms_key_id":true,"replica_mode":true,"replicas":true,"resource_id":true,"restore_to_point_in_time":[],"s3_import":[],"snapshot_identifier":true,"status":true,"storage_throughput":true,"tags":{},"tags_all":{},"timeouts":{},"timezone":true,"vpc_security_group_ids":true},"before_sensitive":false,"after_sensitive":{"blue_green_update":[],"enabled_cloudwatch_logs_exports":[false,false],"listener_endpoint":[],"master_user_secret":[],"password":true,"password_wo":true,"replicas":[],"restore_to_point_in_time":[],"s3_import":[],"tags":{},"tags_all":{},"timeouts":{},"username":true,"vpc_security_group_ids":[]}}},{"address":"module.rds_postgres.aws_db_parameter_group.this[0]","module_address":"module.rds_postgres","mode":"managed","type":"aws_db_parameter_group","name":"this","index":0,"provider_name":"registry.terraform.io/hashicorp/aws","change":{"actions":["create"],"before":null,"after":{"description":"Database parameter group for test-dev-th-app-db","family":"postgres17","name":"test-dev-th-app-db-param","parameter":[],"skip_destroy":false,"tags":{"Environment":"dev-th","Name":"test-dev-th-app-db-param","Terraform":"true","Workspace":"cmrs-pass-dev"},"tags_all":{"Environment":"dev-th","Name":"test-dev-th-app-db-param","Terraform":"true","Workspace":"cmrs-pass-dev"}},"after_unknown":{"arn":true,"id":true,"name_prefix":true,"parameter":[],"tags":{},"tags_all":{}},"before_sensitive":false,"after_sensitive":{"parameter":[],"tags":{},"tags_all":{}}}},{"address":"module.rds_postgres.aws_db_subnet_group.this[0]","module_address":"module.rds_postgres","mode":"managed","type":"aws_db_subnet_group","name":"this","index":0,"provider_name":"registry.terraform.io/hashicorp/aws","change":{"actions":["create"],"before":null,"after":{"description":"Database subnet group for test-dev-th-app-db","name":"test-dev-th-app-db-sngroup","subnet_ids":["subnet-0ae7f81fb2ff6106d","subnet-0dc4eee4d0eb58361"],"tags":{"Environment":"dev-th","Name":"test-dev-th-app-db-sngroup","Terraform":"true","Workspace":"cmrs-pass-dev"},"tags_all":{"Environment":"dev-th","Name":"test-dev-th-app-db-sngroup","Terraform":"true","Workspace":"cmrs-pass-dev"}},"after_unknown":{"arn":true,"id":true,"name_prefix":true,"subnet_ids":[false,false],"supported_network_types":true,"tags":{},"tags_all":{},"vpc_id":true},"before_sensitive":false,"after_sensitive":{"subnet_ids":[false,false],"supported_network_types":[],"tags":{},"tags_all":{}}}},{"address":"module.rds_postgres.aws_iam_role.enhanced_monitoring[0]","module_address":"module.rds_postgres","mode":"managed","type":"aws_iam_role","name":"enhanced_monitoring","index":0,"provider_name":"registry.terraform.io/hashicorp/aws","change":{"actions":["create"],"before":null,"after":{"assume_role_policy":"{\"Statement\":[{\"Action\":\"sts:AssumeRole\",\"Effect\":\"Allow\",\"Principal\":{\"Service\":\"monitoring.rds.amazonaws.com\"},\"Sid\":\"\"}],\"Version\":\"2012-10-17\"}","description":null,"force_detach_policies":false,"managed_policy_arns":["arn:aws:iam::aws:policy/service-role/AmazonRDSEnhancedMonitoringRole"],"max_session_duration":3600,"name":"test-dev-th-app-db-monitoring-role","path":"/","permissions_boundary":null,"tags":{"Environment":"dev-th","Name":"test-dev-th-app-db-monitoring-role","Terraform":"true","Workspace":"cmrs-pass-dev"},"tags_all":{"Environment":"dev-th","Name":"test-dev-th-app-db-monitoring-role","Terraform":"true","Workspace":"cmrs-pass-dev"}},"after_unknown":{"arn":true,"create_date":true,"id":true,"inline_policy":true,"managed_policy_arns":[false],"name_prefix":true,"tags":{},"tags_all":{},"unique_id":true},"before_sensitive":false,"after_sensitive":{"inline_policy":[],"managed_policy_arns":[false],"tags":{},"tags_all":{}}}},{"address":"module.rds_postgres.aws_secretsmanager_secret.postgres_creds[0]","module_address":"module.rds_postgres","mode":"managed","type":"aws_secretsmanager_secret","name":"postgres_creds","index":0,"provider_name":"registry.terraform.io/hashicorp/aws","change":{"actions":["create"],"before":null,"after":{"description":"Postgres RDS Master Credentials","force_overwrite_replica_secret":false,"recovery_window_in_days":30,"tags":{"Name":"test-dev-th-app-db/postgres-master-creds","Workspace":"cmrs-pass-dev"},"tags_all":{"Name":"test-dev-th-app-db/postgres-master-creds","Workspace":"cmrs-pass-dev"}},"after_unknown":{"arn":true,"id":true,"kms_key_id":true,"name":true,"name_prefix":true,"policy":true,"replica":true,"tags":{},"tags_all":{}},"before_sensitive":false,"after_sensitive":{"replica":[],"tags":{},"tags_all":{}}}},{"address":"module.rds_postgres.aws_secretsmanager_secret_version.postgres_creds[0]","module_address":"module.rds_postgres","mode":"managed","type":"aws_secretsmanager_secret_version","name":"postgres_creds","index":0,"provider_name":"registry.terraform.io/hashicorp/aws","change":{"actions":["create"],"before":null,"after":{"secret_binary":null,"secret_string_wo":null,"secret_string_wo_version":null},"after_unknown":{"arn":true,"has_secret_string_wo":true,"id":true,"secret_id":true,"secret_string":true,"version_id":true,"version_stages":true},"before_sensitive":false,"after_sensitive":{"secret_binary":true,"secret_string":true,"secret_string_wo":true,"version_stages":[]}}},{"address":"module.rds_postgres.aws_security_group.client","module_address":"module.rds_postgres","mode":"managed","type":"aws_security_group","name":"client","provider_name":"registry.terraform.io/hashicorp/aws","change":{"actions":["create"],"before":null,"after":{"description":"Security group for the test-dev-th-app-db postgresql client","name":"test-dev-th-app-db-client-sg","revoke_rules_on_delete":false,"tags":{"Environment":"dev-th","Name":"test-dev-th-app-db-client-sg","Terraform":"true","Workspace":"cmrs-pass-dev"},"tags_all":{"Environment":"dev-th","Name":"test-dev-th-app-db-client-sg","Terraform":"true","Workspace":"cmrs-pass-dev"},"timeouts":null,"vpc_id":"vpc-0d6be2c0fe8bb363a"},"after_unknown":{"arn":true,"egress":true,"id":true,"ingress":true,"name_prefix":true,"owner_id":true,"tags":{},"tags_all":{}},"before_sensitive":false,"after_sensitive":{"egress":[],"ingress":[],"tags":{},"tags_all":{}}}},{"address":"module.rds_postgres.aws_security_group.cluster[0]","module_address":"module.rds_postgres","mode":"managed","type":"aws_security_group","name":"cluster","index":0,"provider_name":"registry.terraform.io/hashicorp/aws","change":{"actions":["create"],"before":null,"after":{"description":"Security group for the test-dev-th-app-db postgresql","name":"test-dev-th-app-db-sg","revoke_rules_on_delete":false,"tags":{"Environment":"dev-th","Name":"test-dev-th-app-db-sg","Terraform":"true","Workspace":"cmrs-pass-dev"},"tags_all":{"Environment":"dev-th","Name":"test-dev-th-app-db-sg","Terraform":"true","Workspace":"cmrs-pass-dev"},"timeouts":null,"vpc_id":"vpc-0d6be2c0fe8bb363a"},"after_unknown":{"arn":true,"egress":true,"id":true,"ingress":true,"name_prefix":true,"owner_id":true,"tags":{},"tags_all":{}},"before_sensitive":false,"after_sensitive":{"egress":[],"ingress":[],"tags":{},"tags_all":{}}}},{"address":"module.rds_postgres.aws_security_group_rule.additional_client_egress[0]","module_address":"module.rds_postgres","mode":"managed","type":"aws_security_group_rule","name":"additional_client_egress","index":0,"provider_name":"registry.terraform.io/hashicorp/aws","change":{"actions":["create"],"before":null,"after":{"cidr_blocks":["0.0.0.0/0"],"description":"allow to any","from_port":-1,"ipv6_cidr_blocks":null,"prefix_list_ids":null,"protocol":"-1","self":false,"timeouts":null,"to_port":-1,"type":"egress"},"after_unknown":{"cidr_blocks":[false],"id":true,"security_group_id":true,"security_group_rule_id":true,"source_security_group_id":true},"before_sensitive":false,"after_sensitive":{"cidr_blocks":[false]}}},{"address":"module.rds_postgres.aws_security_group_rule.from_client","module_address":"module.rds_postgres","mode":"managed","type":"aws_security_group_rule","name":"from_client","provider_name":"registry.terraform.io/hashicorp/aws","change":{"actions":["create"],"before":null,"after":{"cidr_blocks":null,"description":"Ingress rule for allow traffic from rds client security group","from_port":5432,"ipv6_cidr_blocks":null,"prefix_list_ids":null,"protocol":"tcp","self":false,"timeouts":null,"to_port":5432,"type":"ingress"},"after_unknown":{"id":true,"security_group_id":true,"security_group_rule_id":true,"source_security_group_id":true},"before_sensitive":false,"after_sensitive":{}}},{"address":"module.rds_postgres.aws_security_group_rule.to_cluster","module_address":"module.rds_postgres","mode":"managed","type":"aws_security_group_rule","name":"to_cluster","provider_name":"registry.terraform.io/hashicorp/aws","change":{"actions":["create"],"before":null,"after":{"cidr_blocks":null,"description":"Egress rule for allow traffic to rds cluster security group","from_port":5432,"ipv6_cidr_blocks":null,"prefix_list_ids":null,"protocol":"tcp","self":false,"timeouts":null,"to_port":5432,"type":"egress"},"after_unknown":{"id":true,"security_group_id":true,"security_group_rule_id":true,"source_security_group_id":true},"before_sensitive":false,"after_sensitive":{}}},{"address":"module.rds_postgres.random_string.postgres_creds_random_suffix","module_address":"module.rds_postgres","mode":"managed","type":"random_string","name":"postgres_creds_random_suffix","provider_name":"registry.terraform.io/hashicorp/random","change":{"actions":["create"],"before":null,"after":{"keepers":null,"length":6,"lower":true,"min_lower":0,"min_numeric":0,"min_special":0,"min_upper":0,"number":true,"numeric":true,"override_special":null,"special":false,"upper":true},"after_unknown":{"id":true,"result":true},"before_sensitive":false,"after_sensitive":{}}},{"address":"module.rds_postgres.module.cloudwatch_log_group_kms[0].aws_kms_alias.this","module_address":"module.rds_postgres.module.cloudwatch_log_group_kms[0]","mode":"managed","type":"aws_kms_alias","name":"this","provider_name":"registry.terraform.io/hashicorp/aws","change":{"actions":["create"],"before":null,"after":{},"after_unknown":{"arn":true,"id":true,"name":true,"name_prefix":true,"target_key_arn":true,"target_key_id":true},"before_sensitive":false,"after_sensitive":{}}},{"address":"module.rds_postgres.module.cloudwatch_log_group_kms[0].aws_kms_key.this","module_address":"module.rds_postgres.module.cloudwatch_log_group_kms[0]","mode":"managed","type":"aws_kms_key","name":"this","provider_name":"registry.terraform.io/hashicorp/aws","change":{"actions":["create"],"before":null,"after":{"bypass_policy_lockout_safety_check":false,"custom_key_store_id":null,"customer_master_key_spec":"SYMMETRIC_DEFAULT","deletion_window_in_days":30,"description":"Secure Secrets Manager's service secrets for service test-dev-th-app-db","enable_key_rotation":true,"is_enabled":true,"key_usage":"ENCRYPT_DECRYPT","policy":"{\"Statement\":[{\"Action\":[\"kms:Update*\",\"kms:UntagResource\",\"kms:TagResource\",\"kms:ScheduleKeyDeletion\",\"kms:Revoke*\",\"kms:Put*\",\"kms:List*\",\"kms:Get*\",\"kms:Enable*\",\"kms:Disable*\",\"kms:Describe*\",\"kms:Delete*\",\"kms:Create*\",\"kms:CancelKeyDeletion\"],\"Effect\":\"Allow\",\"Principal\":{\"AWS\":\"arn:aws:iam::140023376669:root\"},\"Resource\":\"*\",\"Sid\":\"Allow Admin\"},{\"Action\":[\"kms:ReEncrypt*\",\"kms:GenerateDataKey*\",\"kms:Encrypt\",\"kms:DescribeKey\",\"kms:Decrypt\",\"kms:CreateGrant\"],\"Condition\":{\"StringEquals\":{\"kms:CallerAccount\":[],\"kms:ViaService\":[]}},\"Effect\":\"Allow\",\"Principal\":{\"AWS\":\"*\"},\"Resource\":\"*\",\"Sid\":\"Allow Cryptography\"},{\"Action\":[\"kms:ReEncrypt*\",\"kms:GenerateDataKey*\",\"kms:Encrypt*\",\"kms:Describe*\",\"kms:Decrypt*\"],\"Condition\":{\"ArnEquals\":{\"kms:EncryptionContext:aws:logs:arn\":[\"arn:aws:logs:ap-southeast-1:140023376669:log-group:/aws/rds/instance/test-dev-th-app-db/postgresql\",\"arn:aws:logs:ap-southeast-1:140023376669:log-group:/aws/rds/instance/test-dev-th-app-db/upgrade\"]}},\"Effect\":\"Allow\",\"Principal\":{\"Service\":\"logs.ap-southeast-1.amazonaws.com\"},\"Resource\":\"*\",\"Sid\":\"AllowCloudWatchToDoCryptography\"}],\"Version\":\"2012-10-17\"}","timeouts":null,"xks_key_id":null},"after_unknown":{"arn":true,"id":true,"key_id":true,"multi_region":true,"rotation_period_in_days":true,"tags":true,"tags_all":true},"before_sensitive":false,"after_sensitive":{"tags":{},"tags_all":{}}}},{"address":"module.rds_postgres.module.cloudwatch_log_group_kms[0].random_string.random_suffix","module_address":"module.rds_postgres.module.cloudwatch_log_group_kms[0]","mode":"managed","type":"random_string","name":"random_suffix","provider_name":"registry.terraform.io/hashicorp/random","change":{"actions":["create"],"before":null,"after":{"keepers":null,"length":5,"lower":true,"min_lower":0,"min_numeric":0,"min_special":0,"min_upper":0,"number":false,"numeric":false,"override_special":null,"special":false,"upper":false},"after_unknown":{"id":true,"result":true},"before_sensitive":false,"after_sensitive":{}}},{"address":"module.rds_postgres.module.postgres_creds_kms_key[0].aws_kms_alias.this","module_address":"module.rds_postgres.module.postgres_creds_kms_key[0]","mode":"managed","type":"aws_kms_alias","name":"this","provider_name":"registry.terraform.io/hashicorp/aws","change":{"actions":["create"],"before":null,"after":{},"after_unknown":{"arn":true,"id":true,"name":true,"name_prefix":true,"target_key_arn":true,"target_key_id":true},"before_sensitive":false,"after_sensitive":{}}},{"address":"module.rds_postgres.module.postgres_creds_kms_key[0].aws_kms_key.this","module_address":"module.rds_postgres.module.postgres_creds_kms_key[0]","mode":"managed","type":"aws_kms_key","name":"this","provider_name":"registry.terraform.io/hashicorp/aws","change":{"actions":["create"],"before":null,"after":{"bypass_policy_lockout_safety_check":false,"custom_key_store_id":null,"customer_master_key_spec":"SYMMETRIC_DEFAULT","deletion_window_in_days":30,"description":"Used to encrypt data in test-dev-th-app-db-secret-postgres","enable_key_rotation":true,"is_enabled":true,"key_usage":"ENCRYPT_DECRYPT","policy":"{\"Statement\":[{\"Action\":[\"kms:Update*\",\"kms:UntagResource\",\"kms:TagResource\",\"kms:ScheduleKeyDeletion\",\"kms:Revoke*\",\"kms:Put*\",\"kms:List*\",\"kms:Get*\",\"kms:Enable*\",\"kms:Disable*\",\"kms:Describe*\",\"kms:Delete*\",\"kms:Create*\",\"kms:CancelKeyDeletion\"],\"Effect\":\"Allow\",\"Principal\":{\"AWS\":\"arn:aws:iam::140023376669:root\"},\"Resource\":\"*\",\"Sid\":\"Allow Admin\"},{\"Action\":[\"kms:ReEncrypt*\",\"kms:GenerateDataKey*\",\"kms:Encrypt\",\"kms:DescribeKey\",\"kms:Decrypt\",\"kms:CreateGrant\"],\"Condition\":{\"StringEquals\":{\"kms:CallerAccount\":\"140023376669\",\"kms:ViaService\":\"secretsmanager.ap-southeast-1.amazonaws.com\"}},\"Effect\":\"Allow\",\"Principal\":{\"AWS\":\"*\"},\"Resource\":\"*\",\"Sid\":\"Allow Cryptography\"}],\"Version\":\"2012-10-17\"}","timeouts":null,"xks_key_id":null},"after_unknown":{"arn":true,"id":true,"key_id":true,"multi_region":true,"rotation_period_in_days":true,"tags":true,"tags_all":true},"before_sensitive":false,"after_sensitive":{"tags":{},"tags_all":{}}}},{"address":"module.rds_postgres.module.postgres_creds_kms_key[0].random_string.random_suffix","module_address":"module.rds_postgres.module.postgres_creds_kms_key[0]","mode":"managed","type":"random_string","name":"random_suffix","provider_name":"registry.terraform.io/hashicorp/random","change":{"actions":["create"],"before":null,"after":{"keepers":null,"length":5,"lower":true,"min_lower":0,"min_numeric":0,"min_special":0,"min_upper":0,"number":false,"numeric":false,"override_special":null,"special":false,"upper":false},"after_unknown":{"id":true,"result":true},"before_sensitive":false,"after_sensitive":{}}},{"address":"module.rds_postgres.module.rds_kms[0].aws_kms_alias.this","module_address":"module.rds_postgres.module.rds_kms[0]","mode":"managed","type":"aws_kms_alias","name":"this","provider_name":"registry.terraform.io/hashicorp/aws","change":{"actions":["create"],"before":null,"after":{},"after_unknown":{"arn":true,"id":true,"name":true,"name_prefix":true,"target_key_arn":true,"target_key_id":true},"before_sensitive":false,"after_sensitive":{}}},{"address":"module.rds_postgres.module.rds_kms[0].aws_kms_key.this","module_address":"module.rds_postgres.module.rds_kms[0]","mode":"managed","type":"aws_kms_key","name":"this","provider_name":"registry.terraform.io/hashicorp/aws","change":{"actions":["create"],"before":null,"after":{"bypass_policy_lockout_safety_check":false,"custom_key_store_id":null,"customer_master_key_spec":"SYMMETRIC_DEFAULT","deletion_window_in_days":30,"description":"Used to encrypt data in test-dev-th-app-db","enable_key_rotation":true,"is_enabled":true,"key_usage":"ENCRYPT_DECRYPT","policy":"{\"Statement\":[{\"Action\":[\"kms:Update*\",\"kms:UntagResource\",\"kms:TagResource\",\"kms:ScheduleKeyDeletion\",\"kms:Revoke*\",\"kms:Put*\",\"kms:List*\",\"kms:Get*\",\"kms:Enable*\",\"kms:Disable*\",\"kms:Describe*\",\"kms:Delete*\",\"kms:Create*\",\"kms:CancelKeyDeletion\"],\"Effect\":\"Allow\",\"Principal\":{\"AWS\":\"arn:aws:iam::140023376669:root\"},\"Resource\":\"*\",\"Sid\":\"Allow Admin\"},{\"Action\":[\"kms:ReEncrypt*\",\"kms:GenerateDataKey*\",\"kms:Encrypt\",\"kms:DescribeKey\",\"kms:Decrypt\",\"kms:CreateGrant\"],\"Condition\":{\"StringEquals\":{\"kms:CallerAccount\":\"140023376669\",\"kms:ViaService\":\"rds.ap-southeast-1.amazonaws.com\"}},\"Effect\":\"Allow\",\"Principal\":{\"AWS\":\"*\"},\"Resource\":\"*\",\"Sid\":\"Allow Cryptography\"}],\"Version\":\"2012-10-17\"}","timeouts":null,"xks_key_id":null},"after_unknown":{"arn":true,"id":true,"key_id":true,"multi_region":true,"rotation_period_in_days":true,"tags":true,"tags_all":true},"before_sensitive":false,"after_sensitive":{"tags":{},"tags_all":{}}}},{"address":"module.rds_postgres.module.rds_kms[0].random_string.random_suffix","module_address":"module.rds_postgres.module.rds_kms[0]","mode":"managed","type":"random_string","name":"random_suffix","provider_name":"registry.terraform.io/hashicorp/random","change":{"actions":["create"],"before":null,"after":{"keepers":null,"length":5,"lower":true,"min_lower":0,"min_numeric":0,"min_special":0,"min_upper":0,"number":false,"numeric":false,"override_special":null,"special":false,"upper":false},"after_unknown":{"id":true,"result":true},"before_sensitive":false,"after_sensitive":{}}}],"prior_state":{"format_version":"1.0","terraform_version":"1.9.8","values":{"root_module":{"child_modules":[{"resources":[{"address":"module.rds_postgres.data.aws_caller_identity.this","mode":"data","type":"aws_caller_identity","name":"this","provider_name":"registry.terraform.io/hashicorp/aws","schema_version":0,"values":{"account_id":"140023376669","arn":"arn:aws:iam::140023376669:user/terraform","id":"140023376669","user_id":"AIDASBGQLFMOXXZWNIYTU"},"sensitive_values":{}},{"address":"module.rds_postgres.data.aws_iam_policy_document.cloudwatch_log_group_kms_policy","mode":"data","type":"aws_iam_policy_document","name":"cloudwatch_log_group_kms_policy","provider_name":"registry.terraform.io/hashicorp/aws","schema_version":0,"values":{"id":"3851924427","json":"{\n  \"Version\": \"2012-10-17\",\n  \"Statement\": [\n    {\n      \"Sid\": \"AllowCloudWatchToDoCryptography\",\n      \"Effect\": \"Allow\",\n      \"Action\": [\n        \"kms:ReEncrypt*\",\n        \"kms:GenerateDataKey*\",\n        \"kms:Encrypt*\",\n        \"kms:Describe*\",\n        \"kms:Decrypt*\"\n      ],\n      \"Resource\": \"*\",\n      \"Principal\": {\n        \"Service\": \"logs.ap-southeast-1.amazonaws.com\"\n      },\n      \"Condition\": {\n        \"ArnEquals\": {\n          \"kms:EncryptionContext:aws:logs:arn\": [\n            \"arn:aws:logs:ap-southeast-1:140023376669:log-group:/aws/rds/instance/test-dev-th-app-db/postgresql\",\n            \"arn:aws:logs:ap-southeast-1:140023376669:log-group:/aws/rds/instance/test-dev-th-app-db/upgrade\"\n          ]\n        }\n      }\n    }\n  ]\n}","minified_json":"{\"Version\":\"2012-10-17\",\"Statement\":[{\"Sid\":\"AllowCloudWatchToDoCryptography\",\"Effect\":\"Allow\",\"Action\":[\"kms:ReEncrypt*\",\"kms:GenerateDataKey*\",\"kms:Encrypt*\",\"kms:Describe*\",\"kms:Decrypt*\"],\"Resource\":\"*\",\"Principal\":{\"Service\":\"logs.ap-southeast-1.amazonaws.com\"},\"Condition\":{\"ArnEquals\":{\"kms:EncryptionContext:aws:logs:arn\":[\"arn:aws:logs:ap-southeast-1:140023376669:log-group:/aws/rds/instance/test-dev-th-app-db/postgresql\",\"arn:aws:logs:ap-southeast-1:140023376669:log-group:/aws/rds/instance/test-dev-th-app-db/upgrade\"]}}}]}","override_json":null,"override_policy_documents":null,"policy_id":null,"source_json":null,"source_policy_documents":null,"statement":[{"actions":["kms:Decrypt*","kms:Describe*","kms:Encrypt*","kms:GenerateDataKey*","kms:ReEncrypt*"],"condition":[{"test":"ArnEquals","values":["arn:aws:logs:ap-southeast-1:140023376669:log-group:/aws/rds/instance/test-dev-th-app-db/postgresql","arn:aws:logs:ap-southeast-1:140023376669:log-group:/aws/rds/instance/test-dev-th-app-db/upgrade"],"variable":"kms:EncryptionContext:aws:logs:arn"}],"effect":"Allow","not_actions":[],"not_principals":[],"not_resources":[],"principals":[{"identifiers":["logs.ap-southeast-1.amazonaws.com"],"type":"Service"}],"resources":["*"],"sid":"AllowCloudWatchToDoCryptography"}],"version":"2012-10-17"},"sensitive_values":{"statement":[{"actions":[false,false,false,false,false],"condition":[{"values":[false,false]}],"not_actions":[],"not_principals":[],"not_resources":[],"principals":[{"identifiers":[false]}],"resources":[false]}]}},{"address":"module.rds_postgres.data.aws_region.this","mode":"data","type":"aws_region","name":"this","provider_name":"registry.terraform.io/hashicorp/aws","schema_version":0,"values":{"description":"Asia Pacific (Singapore)","endpoint":"ec2.ap-southeast-1.amazonaws.com","id":"ap-southeast-1","name":"ap-southeast-1"},"sensitive_values":{}}],"address":"module.rds_postgres","child_modules":[{"resources":[{"address":"module.rds_postgres.module.cloudwatch_log_group_kms[0].data.aws_caller_identity.current","mode":"data","type":"aws_caller_identity","name":"current","provider_name":"registry.terraform.io/hashicorp/aws","schema_version":0,"values":{"account_id":"140023376669","arn":"arn:aws:iam::140023376669:user/terraform","id":"140023376669","user_id":"AIDASBGQLFMOXXZWNIYTU"},"sensitive_values":{}},{"address":"module.rds_postgres.module.cloudwatch_log_group_kms[0].data.aws_iam_policy_document.admin_policy","mode":"data","type":"aws_iam_policy_document","name":"admin_policy","provider_name":"registry.terraform.io/hashicorp/aws","schema_version":0,"values":{"id":"3266012017","json":"{\n  \"Version\": \"2012-10-17\",\n  \"Statement\": [\n    {\n      \"Sid\": \"Allow Admin\",\n      \"Effect\": \"Allow\",\n      \"Action\": [\n        \"kms:Update*\",\n        \"kms:UntagResource\",\n        \"kms:TagResource\",\n        \"kms:ScheduleKeyDeletion\",\n        \"kms:Revoke*\",\n        \"kms:Put*\",\n        \"kms:List*\",\n        \"kms:Get*\",\n        \"kms:Enable*\",\n        \"kms:Disable*\",\n        \"kms:Describe*\",\n        \"kms:Delete*\",\n        \"kms:Create*\",\n        \"kms:CancelKeyDeletion\"\n      ],\n      \"Resource\": \"*\",\n      \"Principal\": {\n        \"AWS\": \"arn:aws:iam::140023376669:root\"\n      }\n    }\n  ]\n}","minified_json":"{\"Version\":\"2012-10-17\",\"Statement\":[{\"Sid\":\"Allow Admin\",\"Effect\":\"Allow\",\"Action\":[\"kms:Update*\",\"kms:UntagResource\",\"kms:TagResource\",\"kms:ScheduleKeyDeletion\",\"kms:Revoke*\",\"kms:Put*\",\"kms:List*\",\"kms:Get*\",\"kms:Enable*\",\"kms:Disable*\",\"kms:Describe*\",\"kms:Delete*\",\"kms:Create*\",\"kms:CancelKeyDeletion\"],\"Resource\":\"*\",\"Principal\":{\"AWS\":\"arn:aws:iam::140023376669:root\"}}]}","override_json":null,"override_policy_documents":null,"policy_id":null,"source_json":null,"source_policy_documents":null,"statement":[{"actions":["kms:CancelKeyDeletion","kms:Create*","kms:Delete*","kms:Describe*","kms:Disable*","kms:Enable*","kms:Get*","kms:List*","kms:Put*","kms:Revoke*","kms:ScheduleKeyDeletion","kms:TagResource","kms:UntagResource","kms:Update*"],"condition":[],"effect":"Allow","not_actions":[],"not_principals":[],"not_resources":[],"principals":[{"identifiers":["arn:aws:iam::140023376669:root"],"type":"AWS"}],"resources":["*"],"sid":"Allow Admin"}],"version":"2012-10-17"},"sensitive_values":{"statement":[{"actions":[false,false,false,false,false,false,false,false,false,false,false,false,false,false],"condition":[],"not_actions":[],"not_principals":[],"not_resources":[],"principals":[{"identifiers":[false]}],"resources":[false]}]}},{"address":"module.rds_postgres.module.cloudwatch_log_group_kms[0].data.aws_iam_policy_document.kms_key_policy","mode":"data","type":"aws_iam_policy_document","name":"kms_key_policy","provider_name":"registry.terraform.io/hashicorp/aws","schema_version":0,"values":{"id":"1858247953","json":"{\n  \"Version\": \"2012-10-17\",\n  \"Statement\": [\n    {\n      \"Sid\": \"Allow Admin\",\n      \"Effect\": \"Allow\",\n      \"Action\": [\n        \"kms:Update*\",\n        \"kms:UntagResource\",\n        \"kms:TagResource\",\n        \"kms:ScheduleKeyDeletion\",\n        \"kms:Revoke*\",\n        \"kms:Put*\",\n        \"kms:List*\",\n        \"kms:Get*\",\n        \"kms:Enable*\",\n        \"kms:Disable*\",\n        \"kms:Describe*\",\n        \"kms:Delete*\",\n        \"kms:Create*\",\n        \"kms:CancelKeyDeletion\"\n      ],\n      \"Resource\": \"*\",\n      \"Principal\": {\n        \"AWS\": \"arn:aws:iam::140023376669:root\"\n      }\n    },\n    {\n      \"Sid\": \"Allow Cryptography\",\n      \"Effect\": \"Allow\",\n      \"Action\": [\n        \"kms:ReEncrypt*\",\n        \"kms:GenerateDataKey*\",\n        \"kms:Encrypt\",\n        \"kms:DescribeKey\",\n        \"kms:Decrypt\",\n        \"kms:CreateGrant\"\n      ],\n      \"Resource\": \"*\",\n      \"Principal\": {\n        \"AWS\": \"*\"\n      },\n      \"Condition\": {\n        \"StringEquals\": {\n          \"kms:CallerAccount\": [],\n          \"kms:ViaService\": []\n        }\n      }\n    },\n    {\n      \"Sid\": \"AllowCloudWatchToDoCryptography\",\n      \"Effect\": \"Allow\",\n      \"Action\": [\n        \"kms:ReEncrypt*\",\n        \"kms:GenerateDataKey*\",\n        \"kms:Encrypt*\",\n        \"kms:Describe*\",\n        \"kms:Decrypt*\"\n      ],\n      \"Resource\": \"*\",\n      \"Principal\": {\n        \"Service\": \"logs.ap-southeast-1.amazonaws.com\"\n      },\n      \"Condition\": {\n        \"ArnEquals\": {\n          \"kms:EncryptionContext:aws:logs:arn\": [\n            \"arn:aws:logs:ap-southeast-1:140023376669:log-group:/aws/rds/instance/test-dev-th-app-db/postgresql\",\n            \"arn:aws:logs:ap-southeast-1:140023376669:log-group:/aws/rds/instance/test-dev-th-app-db/upgrade\"\n          ]\n        }\n      }\n    }\n  ]\n}","minified_json":"{\"Version\":\"2012-10-17\",\"Statement\":[{\"Sid\":\"Allow Admin\",\"Effect\":\"Allow\",\"Action\":[\"kms:Update*\",\"kms:UntagResource\",\"kms:TagResource\",\"kms:ScheduleKeyDeletion\",\"kms:Revoke*\",\"kms:Put*\",\"kms:List*\",\"kms:Get*\",\"kms:Enable*\",\"kms:Disable*\",\"kms:Describe*\",\"kms:Delete*\",\"kms:Create*\",\"kms:CancelKeyDeletion\"],\"Resource\":\"*\",\"Principal\":{\"AWS\":\"arn:aws:iam::140023376669:root\"}},{\"Sid\":\"Allow Cryptography\",\"Effect\":\"Allow\",\"Action\":[\"kms:ReEncrypt*\",\"kms:GenerateDataKey*\",\"kms:Encrypt\",\"kms:DescribeKey\",\"kms:Decrypt\",\"kms:CreateGrant\"],\"Resource\":\"*\",\"Principal\":{\"AWS\":\"*\"},\"Condition\":{\"StringEquals\":{\"kms:CallerAccount\":[],\"kms:ViaService\":[]}}},{\"Sid\":\"AllowCloudWatchToDoCryptography\",\"Effect\":\"Allow\",\"Action\":[\"kms:ReEncrypt*\",\"kms:GenerateDataKey*\",\"kms:Encrypt*\",\"kms:Describe*\",\"kms:Decrypt*\"],\"Resource\":\"*\",\"Principal\":{\"Service\":\"logs.ap-southeast-1.amazonaws.com\"},\"Condition\":{\"ArnEquals\":{\"kms:EncryptionContext:aws:logs:arn\":[\"arn:aws:logs:ap-southeast-1:140023376669:log-group:/aws/rds/instance/test-dev-th-app-db/postgresql\",\"arn:aws:logs:ap-southeast-1:140023376669:log-group:/aws/rds/instance/test-dev-th-app-db/upgrade\"]}}}]}","override_json":null,"override_policy_documents":["{\n  \"Version\": \"2012-10-17\",\n  \"Statement\": [\n    {\n      \"Sid\": \"AllowCloudWatchToDoCryptography\",\n      \"Effect\": \"Allow\",\n      \"Action\": [\n        \"kms:ReEncrypt*\",\n        \"kms:GenerateDataKey*\",\n        \"kms:Encrypt*\",\n        \"kms:Describe*\",\n        \"kms:Decrypt*\"\n      ],\n      \"Resource\": \"*\",\n      \"Principal\": {\n        \"Service\": \"logs.ap-southeast-1.amazonaws.com\"\n      },\n      \"Condition\": {\n        \"ArnEquals\": {\n          \"kms:EncryptionContext:aws:logs:arn\": [\n            \"arn:aws:logs:ap-southeast-1:140023376669:log-group:/aws/rds/instance/test-dev-th-app-db/postgresql\",\n            \"arn:aws:logs:ap-southeast-1:140023376669:log-group:/aws/rds/instance/test-dev-th-app-db/upgrade\"\n          ]\n        }\n      }\n    }\n  ]\n}"],"policy_id":null,"source_json":null,"source_policy_documents":["{\n  \"Version\": \"2012-10-17\",\n  \"Statement\": [\n    {\n      \"Sid\": \"Allow Admin\",\n      \"Effect\": \"Allow\",\n      \"Action\": [\n        \"kms:Update*\",\n        \"kms:UntagResource\",\n        \"kms:TagResource\",\n        \"kms:ScheduleKeyDeletion\",\n        \"kms:Revoke*\",\n        \"kms:Put*\",\n        \"kms:List*\",\n        \"kms:Get*\",\n        \"kms:Enable*\",\n        \"kms:Disable*\",\n        \"kms:Describe*\",\n        \"kms:Delete*\",\n        \"kms:Create*\",\n        \"kms:CancelKeyDeletion\"\n      ],\n      \"Resource\": \"*\",\n      \"Principal\": {\n        \"AWS\": \"arn:aws:iam::140023376669:root\"\n      }\n    }\n  ]\n}","{\n  \"Version\": \"2012-10-17\",\n  \"Statement\": [\n    {\n      \"Sid\": \"Allow Cryptography\",\n      \"Effect\": \"Allow\",\n      \"Action\": [\n        \"kms:ReEncrypt*\",\n        \"kms:GenerateDataKey*\",\n        \"kms:Encrypt\",\n        \"kms:DescribeKey\",\n        \"kms:Decrypt\",\n        \"kms:CreateGrant\"\n      ],\n      \"Resource\": \"*\",\n      \"Principal\": {\n        \"AWS\": \"*\"\n      },\n      \"Condition\": {\n        \"StringEquals\": {\n          \"kms:CallerAccount\": [],\n          \"kms:ViaService\": []\n        }\n      }\n    }\n  ]\n}"],"statement":null,"version":"2012-10-17"},"sensitive_values":{"override_policy_documents":[false],"source_policy_documents":[false,false]}},{"address":"module.rds_postgres.module.cloudwatch_log_group_kms[0].data.aws_iam_policy_document.service_cryptography[0]","mode":"data","type":"aws_iam_policy_document","name":"service_cryptography","index":0,"provider_name":"registry.terraform.io/hashicorp/aws","schema_version":0,"values":{"id":"3029405407","json":"{\n  \"Version\": \"2012-10-17\",\n  \"Statement\": [\n    {\n      \"Sid\": \"Allow Cryptography\",\n      \"Effect\": \"Allow\",\n      \"Action\": [\n        \"kms:ReEncrypt*\",\n        \"kms:GenerateDataKey*\",\n        \"kms:Encrypt\",\n        \"kms:DescribeKey\",\n        \"kms:Decrypt\",\n        \"kms:CreateGrant\"\n      ],\n      \"Resource\": \"*\",\n      \"Principal\": {\n        \"AWS\": \"*\"\n      },\n      \"Condition\": {\n        \"StringEquals\": {\n          \"kms:CallerAccount\": [],\n          \"kms:ViaService\": []\n        }\n      }\n    }\n  ]\n}","minified_json":"{\"Version\":\"2012-10-17\",\"Statement\":[{\"Sid\":\"Allow Cryptography\",\"Effect\":\"Allow\",\"Action\":[\"kms:ReEncrypt*\",\"kms:GenerateDataKey*\",\"kms:Encrypt\",\"kms:DescribeKey\",\"kms:Decrypt\",\"kms:CreateGrant\"],\"Resource\":\"*\",\"Principal\":{\"AWS\":\"*\"},\"Condition\":{\"StringEquals\":{\"kms:CallerAccount\":[],\"kms:ViaService\":[]}}}]}","override_json":null,"override_policy_documents":null,"policy_id":null,"source_json":null,"source_policy_documents":null,"statement":[{"actions":["kms:CreateGrant","kms:Decrypt","kms:DescribeKey","kms:Encrypt","kms:GenerateDataKey*","kms:ReEncrypt*"],"condition":[{"test":"StringEquals","values":[],"variable":"kms:CallerAccount"},{"test":"StringEquals","values":[],"variable":"kms:ViaService"}],"effect":"Allow","not_actions":[],"not_principals":[],"not_resources":[],"principals":[{"identifiers":["*"],"type":"AWS"}],"resources":["*"],"sid":"Allow Cryptography"}],"version":"2012-10-17"},"sensitive_values":{"statement":[{"actions":[false,false,false,false,false,false],"condition":[{"values":[]},{"values":[]}],"not_actions":[],"not_principals":[],"not_resources":[],"principals":[{"identifiers":[false]}],"resources":[false]}]}}],"address":"module.rds_postgres.module.cloudwatch_log_group_kms[0]"},{"resources":[{"address":"module.rds_postgres.module.postgres_creds_kms_key[0].data.aws_caller_identity.current","mode":"data","type":"aws_caller_identity","name":"current","provider_name":"registry.terraform.io/hashicorp/aws","schema_version":0,"values":{"account_id":"140023376669","arn":"arn:aws:iam::140023376669:user/terraform","id":"140023376669","user_id":"AIDASBGQLFMOXXZWNIYTU"},"sensitive_values":{}},{"address":"module.rds_postgres.module.postgres_creds_kms_key[0].data.aws_iam_policy_document.admin_policy","mode":"data","type":"aws_iam_policy_document","name":"admin_policy","provider_name":"registry.terraform.io/hashicorp/aws","schema_version":0,"values":{"id":"3266012017","json":"{\n  \"Version\": \"2012-10-17\",\n  \"Statement\": [\n    {\n      \"Sid\": \"Allow Admin\",\n      \"Effect\": \"Allow\",\n      \"Action\": [\n        \"kms:Update*\",\n        \"kms:UntagResource\",\n        \"kms:TagResource\",\n        \"kms:ScheduleKeyDeletion\",\n        \"kms:Revoke*\",\n        \"kms:Put*\",\n        \"kms:List*\",\n        \"kms:Get*\",\n        \"kms:Enable*\",\n        \"kms:Disable*\",\n        \"kms:Describe*\",\n        \"kms:Delete*\",\n        \"kms:Create*\",\n        \"kms:CancelKeyDeletion\"\n      ],\n      \"Resource\": \"*\",\n      \"Principal\": {\n        \"AWS\": \"arn:aws:iam::140023376669:root\"\n      }\n    }\n  ]\n}","minified_json":"{\"Version\":\"2012-10-17\",\"Statement\":[{\"Sid\":\"Allow Admin\",\"Effect\":\"Allow\",\"Action\":[\"kms:Update*\",\"kms:UntagResource\",\"kms:TagResource\",\"kms:ScheduleKeyDeletion\",\"kms:Revoke*\",\"kms:Put*\",\"kms:List*\",\"kms:Get*\",\"kms:Enable*\",\"kms:Disable*\",\"kms:Describe*\",\"kms:Delete*\",\"kms:Create*\",\"kms:CancelKeyDeletion\"],\"Resource\":\"*\",\"Principal\":{\"AWS\":\"arn:aws:iam::140023376669:root\"}}]}","override_json":null,"override_policy_documents":null,"policy_id":null,"source_json":null,"source_policy_documents":null,"statement":[{"actions":["kms:CancelKeyDeletion","kms:Create*","kms:Delete*","kms:Describe*","kms:Disable*","kms:Enable*","kms:Get*","kms:List*","kms:Put*","kms:Revoke*","kms:ScheduleKeyDeletion","kms:TagResource","kms:UntagResource","kms:Update*"],"condition":[],"effect":"Allow","not_actions":[],"not_principals":[],"not_resources":[],"principals":[{"identifiers":["arn:aws:iam::140023376669:root"],"type":"AWS"}],"resources":["*"],"sid":"Allow Admin"}],"version":"2012-10-17"},"sensitive_values":{"statement":[{"actions":[false,false,false,false,false,false,false,false,false,false,false,false,false,false],"condition":[],"not_actions":[],"not_principals":[],"not_resources":[],"principals":[{"identifiers":[false]}],"resources":[false]}]}},{"address":"module.rds_postgres.module.postgres_creds_kms_key[0].data.aws_iam_policy_document.kms_key_policy","mode":"data","type":"aws_iam_policy_document","name":"kms_key_policy","provider_name":"registry.terraform.io/hashicorp/aws","schema_version":0,"values":{"id":"1756285402","json":"{\n  \"Version\": \"2012-10-17\",\n  \"Statement\": [\n    {\n      \"Sid\": \"Allow Admin\",\n      \"Effect\": \"Allow\",\n      \"Action\": [\n        \"kms:Update*\",\n        \"kms:UntagResource\",\n        \"kms:TagResource\",\n        \"kms:ScheduleKeyDeletion\",\n        \"kms:Revoke*\",\n        \"kms:Put*\",\n        \"kms:List*\",\n        \"kms:Get*\",\n        \"kms:Enable*\",\n        \"kms:Disable*\",\n        \"kms:Describe*\",\n        \"kms:Delete*\",\n        \"kms:Create*\",\n        \"kms:CancelKeyDeletion\"\n      ],\n      \"Resource\": \"*\",\n      \"Principal\": {\n        \"AWS\": \"arn:aws:iam::140023376669:root\"\n      }\n    },\n    {\n      \"Sid\": \"Allow Cryptography\",\n      \"Effect\": \"Allow\",\n      \"Action\": [\n        \"kms:ReEncrypt*\",\n        \"kms:GenerateDataKey*\",\n        \"kms:Encrypt\",\n        \"kms:DescribeKey\",\n        \"kms:Decrypt\",\n        \"kms:CreateGrant\"\n      ],\n      \"Resource\": \"*\",\n      \"Principal\": {\n        \"AWS\": \"*\"\n      },\n      \"Condition\": {\n        \"StringEquals\": {\n          \"kms:CallerAccount\": \"140023376669\",\n          \"kms:ViaService\": \"secretsmanager.ap-southeast-1.amazonaws.com\"\n        }\n      }\n    }\n  ]\n}","minified_json":"{\"Version\":\"2012-10-17\",\"Statement\":[{\"Sid\":\"Allow Admin\",\"Effect\":\"Allow\",\"Action\":[\"kms:Update*\",\"kms:UntagResource\",\"kms:TagResource\",\"kms:ScheduleKeyDeletion\",\"kms:Revoke*\",\"kms:Put*\",\"kms:List*\",\"kms:Get*\",\"kms:Enable*\",\"kms:Disable*\",\"kms:Describe*\",\"kms:Delete*\",\"kms:Create*\",\"kms:CancelKeyDeletion\"],\"Resource\":\"*\",\"Principal\":{\"AWS\":\"arn:aws:iam::140023376669:root\"}},{\"Sid\":\"Allow Cryptography\",\"Effect\":\"Allow\",\"Action\":[\"kms:ReEncrypt*\",\"kms:GenerateDataKey*\",\"kms:Encrypt\",\"kms:DescribeKey\",\"kms:Decrypt\",\"kms:CreateGrant\"],\"Resource\":\"*\",\"Principal\":{\"AWS\":\"*\"},\"Condition\":{\"StringEquals\":{\"kms:CallerAccount\":\"140023376669\",\"kms:ViaService\":\"secretsmanager.ap-southeast-1.amazonaws.com\"}}}]}","override_json":null,"override_policy_documents":null,"policy_id":null,"source_json":null,"source_policy_documents":["{\n  \"Version\": \"2012-10-17\",\n  \"Statement\": [\n    {\n      \"Sid\": \"Allow Admin\",\n      \"Effect\": \"Allow\",\n      \"Action\": [\n        \"kms:Update*\",\n        \"kms:UntagResource\",\n        \"kms:TagResource\",\n        \"kms:ScheduleKeyDeletion\",\n        \"kms:Revoke*\",\n        \"kms:Put*\",\n        \"kms:List*\",\n        \"kms:Get*\",\n        \"kms:Enable*\",\n        \"kms:Disable*\",\n        \"kms:Describe*\",\n        \"kms:Delete*\",\n        \"kms:Create*\",\n        \"kms:CancelKeyDeletion\"\n      ],\n      \"Resource\": \"*\",\n      \"Principal\": {\n        \"AWS\": \"arn:aws:iam::140023376669:root\"\n      }\n    }\n  ]\n}","{\n  \"Version\": \"2012-10-17\",\n  \"Statement\": [\n    {\n      \"Sid\": \"Allow Cryptography\",\n      \"Effect\": \"Allow\",\n      \"Action\": [\n        \"kms:ReEncrypt*\",\n        \"kms:GenerateDataKey*\",\n        \"kms:Encrypt\",\n        \"kms:DescribeKey\",\n        \"kms:Decrypt\",\n        \"kms:CreateGrant\"\n      ],\n      \"Resource\": \"*\",\n      \"Principal\": {\n        \"AWS\": \"*\"\n      },\n      \"Condition\": {\n        \"StringEquals\": {\n          \"kms:CallerAccount\": \"140023376669\",\n          \"kms:ViaService\": \"secretsmanager.ap-southeast-1.amazonaws.com\"\n        }\n      }\n    }\n  ]\n}"],"statement":null,"version":"2012-10-17"},"sensitive_values":{"source_policy_documents":[false,false]}},{"address":"module.rds_postgres.module.postgres_creds_kms_key[0].data.aws_iam_policy_document.service_cryptography[0]","mode":"data","type":"aws_iam_policy_document","name":"service_cryptography","index":0,"provider_name":"registry.terraform.io/hashicorp/aws","schema_version":0,"values":{"id":"573801072","json":"{\n  \"Version\": \"2012-10-17\",\n  \"Statement\": [\n    {\n      \"Sid\": \"Allow Cryptography\",\n      \"Effect\": \"Allow\",\n      \"Action\": [\n        \"kms:ReEncrypt*\",\n        \"kms:GenerateDataKey*\",\n        \"kms:Encrypt\",\n        \"kms:DescribeKey\",\n        \"kms:Decrypt\",\n        \"kms:CreateGrant\"\n      ],\n      \"Resource\": \"*\",\n      \"Principal\": {\n        \"AWS\": \"*\"\n      },\n      \"Condition\": {\n        \"StringEquals\": {\n          \"kms:CallerAccount\": \"140023376669\",\n          \"kms:ViaService\": \"secretsmanager.ap-southeast-1.amazonaws.com\"\n        }\n      }\n    }\n  ]\n}","minified_json":"{\"Version\":\"2012-10-17\",\"Statement\":[{\"Sid\":\"Allow Cryptography\",\"Effect\":\"Allow\",\"Action\":[\"kms:ReEncrypt*\",\"kms:GenerateDataKey*\",\"kms:Encrypt\",\"kms:DescribeKey\",\"kms:Decrypt\",\"kms:CreateGrant\"],\"Resource\":\"*\",\"Principal\":{\"AWS\":\"*\"},\"Condition\":{\"StringEquals\":{\"kms:CallerAccount\":\"140023376669\",\"kms:ViaService\":\"secretsmanager.ap-southeast-1.amazonaws.com\"}}}]}","override_json":null,"override_policy_documents":null,"policy_id":null,"source_json":null,"source_policy_documents":null,"statement":[{"actions":["kms:CreateGrant","kms:Decrypt","kms:DescribeKey","kms:Encrypt","kms:GenerateDataKey*","kms:ReEncrypt*"],"condition":[{"test":"StringEquals","values":["140023376669"],"variable":"kms:CallerAccount"},{"test":"StringEquals","values":["secretsmanager.ap-southeast-1.amazonaws.com"],"variable":"kms:ViaService"}],"effect":"Allow","not_actions":[],"not_principals":[],"not_resources":[],"principals":[{"identifiers":["*"],"type":"AWS"}],"resources":["*"],"sid":"Allow Cryptography"}],"version":"2012-10-17"},"sensitive_values":{"statement":[{"actions":[false,false,false,false,false,false],"condition":[{"values":[false]},{"values":[false]}],"not_actions":[],"not_principals":[],"not_resources":[],"principals":[{"identifiers":[false]}],"resources":[false]}]}}],"address":"module.rds_postgres.module.postgres_creds_kms_key[0]"},{"resources":[{"address":"module.rds_postgres.module.rds_kms[0].data.aws_caller_identity.current","mode":"data","type":"aws_caller_identity","name":"current","provider_name":"registry.terraform.io/hashicorp/aws","schema_version":0,"values":{"account_id":"140023376669","arn":"arn:aws:iam::140023376669:user/terraform","id":"140023376669","user_id":"AIDASBGQLFMOXXZWNIYTU"},"sensitive_values":{}},{"address":"module.rds_postgres.module.rds_kms[0].data.aws_iam_policy_document.admin_policy","mode":"data","type":"aws_iam_policy_document","name":"admin_policy","provider_name":"registry.terraform.io/hashicorp/aws","schema_version":0,"values":{"id":"3266012017","json":"{\n  \"Version\": \"2012-10-17\",\n  \"Statement\": [\n    {\n      \"Sid\": \"Allow Admin\",\n      \"Effect\": \"Allow\",\n      \"Action\": [\n        \"kms:Update*\",\n        \"kms:UntagResource\",\n        \"kms:TagResource\",\n        \"kms:ScheduleKeyDeletion\",\n        \"kms:Revoke*\",\n        \"kms:Put*\",\n        \"kms:List*\",\n        \"kms:Get*\",\n        \"kms:Enable*\",\n        \"kms:Disable*\",\n        \"kms:Describe*\",\n        \"kms:Delete*\",\n        \"kms:Create*\",\n        \"kms:CancelKeyDeletion\"\n      ],\n      \"Resource\": \"*\",\n      \"Principal\": {\n        \"AWS\": \"arn:aws:iam::140023376669:root\"\n      }\n    }\n  ]\n}","minified_json":"{\"Version\":\"2012-10-17\",\"Statement\":[{\"Sid\":\"Allow Admin\",\"Effect\":\"Allow\",\"Action\":[\"kms:Update*\",\"kms:UntagResource\",\"kms:TagResource\",\"kms:ScheduleKeyDeletion\",\"kms:Revoke*\",\"kms:Put*\",\"kms:List*\",\"kms:Get*\",\"kms:Enable*\",\"kms:Disable*\",\"kms:Describe*\",\"kms:Delete*\",\"kms:Create*\",\"kms:CancelKeyDeletion\"],\"Resource\":\"*\",\"Principal\":{\"AWS\":\"arn:aws:iam::140023376669:root\"}}]}","override_json":null,"override_policy_documents":null,"policy_id":null,"source_json":null,"source_policy_documents":null,"statement":[{"actions":["kms:CancelKeyDeletion","kms:Create*","kms:Delete*","kms:Describe*","kms:Disable*","kms:Enable*","kms:Get*","kms:List*","kms:Put*","kms:Revoke*","kms:ScheduleKeyDeletion","kms:TagResource","kms:UntagResource","kms:Update*"],"condition":[],"effect":"Allow","not_actions":[],"not_principals":[],"not_resources":[],"principals":[{"identifiers":["arn:aws:iam::140023376669:root"],"type":"AWS"}],"resources":["*"],"sid":"Allow Admin"}],"version":"2012-10-17"},"sensitive_values":{"statement":[{"actions":[false,false,false,false,false,false,false,false,false,false,false,false,false,false],"condition":[],"not_actions":[],"not_principals":[],"not_resources":[],"principals":[{"identifiers":[false]}],"resources":[false]}]}},{"address":"module.rds_postgres.module.rds_kms[0].data.aws_iam_policy_document.kms_key_policy","mode":"data","type":"aws_iam_policy_document","name":"kms_key_policy","provider_name":"registry.terraform.io/hashicorp/aws","schema_version":0,"values":{"id":"190966177","json":"{\n  \"Version\": \"2012-10-17\",\n  \"Statement\": [\n    {\n      \"Sid\": \"Allow Admin\",\n      \"Effect\": \"Allow\",\n      \"Action\": [\n        \"kms:Update*\",\n        \"kms:UntagResource\",\n        \"kms:TagResource\",\n        \"kms:ScheduleKeyDeletion\",\n        \"kms:Revoke*\",\n        \"kms:Put*\",\n        \"kms:List*\",\n        \"kms:Get*\",\n        \"kms:Enable*\",\n        \"kms:Disable*\",\n        \"kms:Describe*\",\n        \"kms:Delete*\",\n        \"kms:Create*\",\n        \"kms:CancelKeyDeletion\"\n      ],\n      \"Resource\": \"*\",\n      \"Principal\": {\n        \"AWS\": \"arn:aws:iam::140023376669:root\"\n      }\n    },\n    {\n      \"Sid\": \"Allow Cryptography\",\n      \"Effect\": \"Allow\",\n      \"Action\": [\n        \"kms:ReEncrypt*\",\n        \"kms:GenerateDataKey*\",\n        \"kms:Encrypt\",\n        \"kms:DescribeKey\",\n        \"kms:Decrypt\",\n        \"kms:CreateGrant\"\n      ],\n      \"Resource\": \"*\",\n      \"Principal\": {\n        \"AWS\": \"*\"\n      },\n      \"Condition\": {\n        \"StringEquals\": {\n          \"kms:CallerAccount\": \"140023376669\",\n          \"kms:ViaService\": \"rds.ap-southeast-1.amazonaws.com\"\n        }\n      }\n    }\n  ]\n}","minified_json":"{\"Version\":\"2012-10-17\",\"Statement\":[{\"Sid\":\"Allow Admin\",\"Effect\":\"Allow\",\"Action\":[\"kms:Update*\",\"kms:UntagResource\",\"kms:TagResource\",\"kms:ScheduleKeyDeletion\",\"kms:Revoke*\",\"kms:Put*\",\"kms:List*\",\"kms:Get*\",\"kms:Enable*\",\"kms:Disable*\",\"kms:Describe*\",\"kms:Delete*\",\"kms:Create*\",\"kms:CancelKeyDeletion\"],\"Resource\":\"*\",\"Principal\":{\"AWS\":\"arn:aws:iam::140023376669:root\"}},{\"Sid\":\"Allow Cryptography\",\"Effect\":\"Allow\",\"Action\":[\"kms:ReEncrypt*\",\"kms:GenerateDataKey*\",\"kms:Encrypt\",\"kms:DescribeKey\",\"kms:Decrypt\",\"kms:CreateGrant\"],\"Resource\":\"*\",\"Principal\":{\"AWS\":\"*\"},\"Condition\":{\"StringEquals\":{\"kms:CallerAccount\":\"140023376669\",\"kms:ViaService\":\"rds.ap-southeast-1.amazonaws.com\"}}}]}","override_json":null,"override_policy_documents":null,"policy_id":null,"source_json":null,"source_policy_documents":["{\n  \"Version\": \"2012-10-17\",\n  \"Statement\": [\n    {\n      \"Sid\": \"Allow Admin\",\n      \"Effect\": \"Allow\",\n      \"Action\": [\n        \"kms:Update*\",\n        \"kms:UntagResource\",\n        \"kms:TagResource\",\n        \"kms:ScheduleKeyDeletion\",\n        \"kms:Revoke*\",\n        \"kms:Put*\",\n        \"kms:List*\",\n        \"kms:Get*\",\n        \"kms:Enable*\",\n        \"kms:Disable*\",\n        \"kms:Describe*\",\n        \"kms:Delete*\",\n        \"kms:Create*\",\n        \"kms:CancelKeyDeletion\"\n      ],\n      \"Resource\": \"*\",\n      \"Principal\": {\n        \"AWS\": \"arn:aws:iam::140023376669:root\"\n      }\n    }\n  ]\n}","{\n  \"Version\": \"2012-10-17\",\n  \"Statement\": [\n    {\n      \"Sid\": \"Allow Cryptography\",\n      \"Effect\": \"Allow\",\n      \"Action\": [\n        \"kms:ReEncrypt*\",\n        \"kms:GenerateDataKey*\",\n        \"kms:Encrypt\",\n        \"kms:DescribeKey\",\n        \"kms:Decrypt\",\n        \"kms:CreateGrant\"\n      ],\n      \"Resource\": \"*\",\n      \"Principal\": {\n        \"AWS\": \"*\"\n      },\n      \"Condition\": {\n        \"StringEquals\": {\n          \"kms:CallerAccount\": \"140023376669\",\n          \"kms:ViaService\": \"rds.ap-southeast-1.amazonaws.com\"\n        }\n      }\n    }\n  ]\n}"],"statement":null,"version":"2012-10-17"},"sensitive_values":{"source_policy_documents":[false,false]}},{"address":"module.rds_postgres.module.rds_kms[0].data.aws_iam_policy_document.service_cryptography[0]","mode":"data","type":"aws_iam_policy_document","name":"service_cryptography","index":0,"provider_name":"registry.terraform.io/hashicorp/aws","schema_version":0,"values":{"id":"1719801283","json":"{\n  \"Version\": \"2012-10-17\",\n  \"Statement\": [\n    {\n      \"Sid\": \"Allow Cryptography\",\n      \"Effect\": \"Allow\",\n      \"Action\": [\n        \"kms:ReEncrypt*\",\n        \"kms:GenerateDataKey*\",\n        \"kms:Encrypt\",\n        \"kms:DescribeKey\",\n        \"kms:Decrypt\",\n        \"kms:CreateGrant\"\n      ],\n      \"Resource\": \"*\",\n      \"Principal\": {\n        \"AWS\": \"*\"\n      },\n      \"Condition\": {\n        \"StringEquals\": {\n          \"kms:CallerAccount\": \"140023376669\",\n          \"kms:ViaService\": \"rds.ap-southeast-1.amazonaws.com\"\n        }\n      }\n    }\n  ]\n}","minified_json":"{\"Version\":\"2012-10-17\",\"Statement\":[{\"Sid\":\"Allow Cryptography\",\"Effect\":\"Allow\",\"Action\":[\"kms:ReEncrypt*\",\"kms:GenerateDataKey*\",\"kms:Encrypt\",\"kms:DescribeKey\",\"kms:Decrypt\",\"kms:CreateGrant\"],\"Resource\":\"*\",\"Principal\":{\"AWS\":\"*\"},\"Condition\":{\"StringEquals\":{\"kms:CallerAccount\":\"140023376669\",\"kms:ViaService\":\"rds.ap-southeast-1.amazonaws.com\"}}}]}","override_json":null,"override_policy_documents":null,"policy_id":null,"source_json":null,"source_policy_documents":null,"statement":[{"actions":["kms:CreateGrant","kms:Decrypt","kms:DescribeKey","kms:Encrypt","kms:GenerateDataKey*","kms:ReEncrypt*"],"condition":[{"test":"StringEquals","values":["140023376669"],"variable":"kms:CallerAccount"},{"test":"StringEquals","values":["rds.ap-southeast-1.amazonaws.com"],"variable":"kms:ViaService"}],"effect":"Allow","not_actions":[],"not_principals":[],"not_resources":[],"principals":[{"identifiers":["*"],"type":"AWS"}],"resources":["*"],"sid":"Allow Cryptography"}],"version":"2012-10-17"},"sensitive_values":{"statement":[{"actions":[false,false,false,false,false,false],"condition":[{"values":[false]},{"values":[false]}],"not_actions":[],"not_principals":[],"not_resources":[],"principals":[{"identifiers":[false]}],"resources":[false]}]}}],"address":"module.rds_postgres.module.rds_kms[0]"}]}]}}},"configuration":{"provider_config":{"aws":{"name":"aws","full_name":"registry.terraform.io/hashicorp/aws","version_constraint":"\u003e= 4.0.0"},"module.rds_postgres:random":{"name":"random","full_name":"registry.terraform.io/hashicorp/random","module_address":"module.rds_postgres"}},"root_module":{"module_calls":{"rds_postgres":{"source":"oozou/rds/aws","expressions":{"additional_client_security_group_egress_rules":{"constant_value":[{"cidr_blocks":["0.0.0.0/0"],"description":"allow to any","from_port":-1,"is_cidr":true,"is_sg":false,"protocol":"all","source_security_group_id":"","to_port":-1}]},"additional_client_security_group_ingress_rules":{"references":["var.rds_additional_client_security_group_ingress_rules"]},"additional_cluster_security_group_ingress_rules":{"references":["var.rds_additional_cluster_security_group_ingress_rules"]},"allocated_storage":{"references":["var.rds_storage.allocated_storage","var.rds_storage"]},"auto_minor_version_upgrade":{"constant_value":false},"backup_retention_period":{"references":["var.rds_backup_retention_period"]},"backup_window":{"references":["var.rds_backup_window"]},"custom_tags":{"references":["var.generic_info.custom_tags","var.generic_info"]},"deletion_protection":{"references":["var.rds_deletion_protection"]},"enabled_cloudwatch_logs_exports":{"references":["var.rds_enabled_cloudwatch_logs_exports"]},"engine":{"references":["var.rds_engine"]},"engine_version":{"references":["var.rds_engine_version"]},"environment":{"references":["var.generic_info.environment","var.generic_info"]},"family":{"references":["var.rds_parameter_family"]},"instance_class":{"references":["var.rds_instance_class"]},"iops":{"references":["var.rds_storage.iops","var.rds_storage"]},"is_enable_monitoring":{"constant_value":true},"maintenance_window":{"references":["var.rds_maintenance_window"]},"max_allocated_storage":{"references":["var.rds_storage.max_allocated_storage","var.rds_storage"]},"monitoring_interval":{"constant_value":60},"name":{"references":["var.generic_info.name","var.generic_info"]},"parameters":{"references":["var.rds_parameters"]},"password":{"references":["var.rds_credential.password","var.rds_credential"]},"performance_insights_enabled":{"constant_value":true},"performance_insights_retention_period":{"constant_value":7},"performance_insights_use_cmk":{"constant_value":true},"port":{"constant_value":5432},"prefix":{"references":["var.generic_info.prefix","var.generic_info"]},"skip_final_snapshot":{"constant_value":false},"storage_encrypted":{"references":["var.rds_storage_encrypted"]},"storage_type":{"references":["var.rds_storage.storage_type","var.rds_storage"]},"subnet_ids":{"references":["var.networking_info.database_subnet_ids","var.networking_info"]},"username":{"references":["var.rds_credential.username","var.rds_credential"]},"vpc_id":{"references":["var.networking_info.vpc_id","var.networking_info"]}},"module":{"outputs":{"db_client_security_group_id":{"expression":{"references":["aws_security_group.client.id","aws_security_group.client"]},"description":"Security group id for the rds client."},"db_instance_address":{"expression":{"references":["local.db_instance_address"]},"description":"The address of the RDS instance"},"db_instance_arn":{"expression":{"references":["local.db_instance_arn"]},"description":"The ARN of the RDS instance"},"db_instance_availability_zone":{"expression":{"references":["local.db_instance_availability_zone"]},"description":"The availability zone of the RDS instance"},"db_instance_ca_cert_identifier":{"expression":{"references":["local.db_instance_ca_cert_identifier"]},"description":"Specifies the identifier of the CA certificate for the DB instance"},"db_instance_domain":{"expression":{"references":["local.db_instance_domain"]},"description":"The ID of the Directory Service Active Directory domain the instance is joined to"},"db_instance_domain_iam_role_name":{"expression":{"references":["local.db_instance_domain_iam_role_name"]},"description":"The name of the IAM role to be used when making API calls to the Directory Service. "},"db_instance_endpoint":{"expression":{"references":["local.db_instance_endpoint"]},"description":"The connection endpoint"},"db_instance_hosted_zone_id":{"expression":{"references":["local.db_instance_hosted_zone_id"]},"description":"The canonical hosted zone ID of the DB instance (to be used in a Route 53 Alias record)"},"db_instance_id":{"expression":{"references":["local.db_instance_id"]},"description":"The RDS instance ID"},"db_instance_master_password":{"sensitive":true,"expression":{"references":["local.db_instance_master_password"]},"description":"The master password"},"db_instance_name":{"expression":{"references":["local.db_instance_name"]},"description":"The database name"},"db_instance_port":{"expression":{"references":["local.db_instance_port"]},"description":"The database port"},"db_instance_resource_id":{"expression":{"references":["local.db_instance_resource_id"]},"description":"The RDS Resource ID of this instance"},"db_instance_status":{"expression":{"references":["local.db_instance_status"]},"description":"The RDS instance status"},"db_instance_username":{"sensitive":true,"expression":{"references":["local.db_instance_username"]},"description":"The master username for the database"},"db_security_group_id":{"expression":{"references":["aws_security_group.cluster[0].id","aws_security_group.cluster[0]","aws_security_group.cluster"]},"description":"Security group id for the rds."},"secret_manager_postgres_creds_key":{"expression":{"references":["aws_secretsmanager_secret.postgres_creds[0].name","aws_secretsmanager_secret.postgres_creds[0]","aws_secretsmanager_secret.postgres_creds"]}}},"resources":[{"address":"aws_cloudwatch_log_group.this","mode":"managed","type":"aws_cloudwatch_log_group","name":"this","provider_config_key":"aws","expressions":{"kms_key_id":{"references":["local.cloudwatch_log_group_kms_key_arn"]},"name":{"references":["local.identifier","var.enabled_cloudwatch_logs_exports","count.index"]},"retention_in_days":{"references":["var.cloudwatch_log_retention_in_days"]},"tags":{"references":["local.tags"]}},"schema_version":0,"count_expression":{"references":["var.is_create_db_instance","var.enabled_cloudwatch_logs_exports"]}},{"address":"aws_cloudwatch_metric_alarm.cpu_utilization_too_high","mode":"managed","type":"aws_cloudwatch_metric_alarm","name":"cpu_utilization_too_high","provider_config_key":"aws","expressions":{"alarm_actions":{"references":["var.default_alarm_actions"]},"alarm_description":{"constant_value":"Average database CPU utilization over last 10 minutes too high"},"alarm_name":{"references":["local.identifier"]},"comparison_operator":{"constant_value":"GreaterThanThreshold"},"dimensions":{"references":["aws_db_instance.this[0].identifier","aws_db_instance.this[0]","aws_db_instance.this"]},"evaluation_periods":{"constant_value":"1"},"metric_name":{"constant_value":"CPUUtilization"},"namespace":{"constant_value":"AWS/RDS"},"ok_actions":{"references":["var.default_ok_actions"]},"period":{"constant_value":"600"},"statistic":{"constant_value":"Average"},"threshold":{"constant_value":"80"}},"schema_version":1,"count_expression":{"references":["var.is_create_db_instance","var.is_enable_default_alarms"]}},{"address":"aws_cloudwatch_metric_alarm.free_storage_space_too_low","mode":"managed","type":"aws_cloudwatch_metric_alarm","name":"free_storage_space_too_low","provider_config_key":"aws","expressions":{"alarm_actions":{"references":["var.default_alarm_actions"]},"alarm_description":{"constant_value":"Average database free storage space over last 10 minutes too low"},"alarm_name":{"references":["local.identifier"]},"comparison_operator":{"constant_value":"LessThanThreshold"},"dimensions":{"references":["aws_db_instance.this[0].identifier","aws_db_instance.this[0]","aws_db_instance.this"]},"evaluation_periods":{"constant_value":"1"},"metric_name":{"constant_value":"FreeStorageSpace"},"namespace":{"constant_value":"AWS/RDS"},"ok_actions":{"references":["var.default_ok_actions"]},"period":{"constant_value":"600"},"statistic":{"constant_value":"Average"},"threshold":{"references":["var.allocated_storage"]}},"schema_version":1,"count_expression":{"references":["var.is_create_db_instance","var.is_enable_default_alarms"]}},{"address":"aws_cloudwatch_metric_alarm.freeable_memory_too_low","mode":"managed","type":"aws_cloudwatch_metric_alarm","name":"freeable_memory_too_low","provider_config_key":"aws","expressions":{"alarm_actions":{"references":["var.default_alarm_actions"]},"alarm_description":{"constant_value":"Average database freeable memory over last 10 minutes too low, performance may suffer"},"alarm_name":{"references":["local.identifier"]},"comparison_operator":{"constant_value":"LessThanThreshold"},"dimensions":{"references":["aws_db_instance.this[0].identifier","aws_db_instance.this[0]","aws_db_instance.this"]},"evaluation_periods":{"constant_value":"1"},"metric_name":{"constant_value":"FreeableMemory"},"namespace":{"constant_value":"AWS/RDS"},"ok_actions":{"references":["var.default_ok_actions"]},"period":{"constant_value":"600"},"statistic":{"constant_value":"Average"},"threshold":{"constant_value":128000000}},"schema_version":1,"count_expression":{"references":["var.is_create_db_instance","var.is_enable_default_alarms"]}},{"address":"aws_db_event_subscription.default","mode":"managed","type":"aws_db_event_subscription","name":"default","provider_config_key":"aws","expressions":{"event_categories":{"references":["var.event_categories"]},"name":{"references":["local.identifier","each.value","each.value"]},"sns_topic":{"references":["each.value"]},"source_ids":{"references":["aws_db_instance.this[0].identifier","aws_db_instance.this[0]","aws_db_instance.this"]},"source_type":{"constant_value":"db-instance"}},"schema_version":0,"for_each_expression":{"references":["var.is_create_db_instance","var.is_enable_default_alarms","var.default_alarm_actions"]}},{"address":"aws_db_instance.this","mode":"managed","type":"aws_db_instance","name":"this","provider_config_key":"aws","expressions":{"allocated_storage":{"references":["var.allocated_storage"]},"allow_major_version_upgrade":{"references":["var.allow_major_version_upgrade"]},"apply_immediately":{"references":["var.apply_immediately"]},"auto_minor_version_upgrade":{"references":["var.auto_minor_version_upgrade"]},"availability_zone":{"references":["var.availability_zone"]},"backup_retention_period":{"references":["var.backup_retention_period"]},"backup_window":{"references":["var.backup_window"]},"ca_cert_identifier":{"references":["var.ca_cert_identifier"]},"copy_tags_to_snapshot":{"references":["var.copy_tags_to_snapshot"]},"db_subnet_group_name":{"references":["local.db_subnet_group_name"]},"deletion_protection":{"references":["var.deletion_protection"]},"enabled_cloudwatch_logs_exports":{"references":["var.enabled_cloudwatch_logs_exports"]},"engine":{"references":["var.engine"]},"engine_version":{"references":["var.engine_version"]},"final_snapshot_identifier":{"references":["local.final_snapshot_name"]},"iam_database_authentication_enabled":{"references":["var.iam_database_authentication_enabled"]},"identifier":{"references":["local.identifier"]},"instance_class":{"references":["var.instance_class"]},"iops":{"references":["var.iops"]},"kms_key_id":{"references":["var.storage_encrypted","module.rds_kms","var.kms_key_id"]},"license_model":{"references":["var.license_model"]},"maintenance_window":{"references":["var.maintenance_window"]},"max_allocated_storage":{"references":["var.max_allocated_storage"]},"monitoring_interval":{"references":["var.monitoring_interval"]},"monitoring_role_arn":{"references":["local.monitoring_role_arn"]},"multi_az":{"references":["var.multi_az"]},"option_group_name":{"references":["local.db_option_group_name"]},"parameter_group_name":{"references":["local.parameter_group_name_id"]},"password":{"references":["var.password"]},"performance_insights_enabled":{"references":["var.performance_insights_enabled"]},"performance_insights_kms_key_id":{"references":["var.performance_insights_enabled","var.performance_insights_use_cmk","module.rds_kms","var.performance_insights_kms_key_id"]},"performance_insights_retention_period":{"references":["var.performance_insights_enabled","var.performance_insights_retention_period"]},"port":{"references":["var.port"]},"publicly_accessible":{"references":["var.publicly_accessible"]},"skip_final_snapshot":{"references":["var.skip_final_snapshot"]},"snapshot_identifier":{"references":["var.snapshot_identifier"]},"storage_encrypted":{"references":["var.storage_encrypted"]},"storage_throughput":{"references":["var.storage_type","var.storage_throughput"]},"storage_type":{"references":["var.storage_type"]},"tags":{"references":["local.tags","local.identifier"]},"timeouts":{"create":{"references":["var.timeouts"]},"delete":{"references":["var.timeouts"]},"update":{"references":["var.timeouts"]}},"timezone":{"references":["var.timezone"]},"username":{"references":["var.username"]},"vpc_security_group_ids":{"references":["aws_security_group.cluster[0].id","aws_security_group.cluster[0]","aws_security_group.cluster"]}},"schema_version":2,"count_expression":{"references":["var.is_create_db_instance"]},"depends_on":["aws_cloudwatch_log_group.this"]},{"address":"aws_db_option_group.this","mode":"managed","type":"aws_db_option_group","name":"this","provider_config_key":"aws","expressions":{"engine_name":{"references":["var.db_option_engine_name"]},"major_engine_version":{"references":["var.db_option_major_engine_version"]},"name":{"references":["local.identifier"]},"option_group_description":{"references":["local.identifier"]},"tags":{"references":["local.tags","local.identifier"]}},"schema_version":0,"count_expression":{"references":["var.is_create_db_instance","var.is_create_option_group"]}},{"address":"aws_db_parameter_group.this","mode":"managed","type":"aws_db_parameter_group","name":"this","provider_config_key":"aws","expressions":{"description":{"references":["local.identifier"]},"family":{"references":["var.family"]},"name":{"references":["local.identifier"]},"tags":{"references":["local.tags","local.identifier"]}},"schema_version":0,"count_expression":{"references":["var.is_create_db_instance","var.is_create_parameter_group"]}},{"address":"aws_db_subnet_group.this","mode":"managed","type":"aws_db_subnet_group","name":"this","provider_config_key":"aws","expressions":{"description":{"references":["local.identifier"]},"name":{"references":["local.identifier"]},"subnet_ids":{"references":["var.subnet_ids"]},"tags":{"references":["local.tags","local.identifier"]}},"schema_version":0,"count_expression":{"references":["var.is_create_db_instance","var.is_create_db_subnet_group"]}},{"address":"aws_iam_role.enhanced_monitoring","mode":"managed","type":"aws_iam_role","name":"enhanced_monitoring","provider_config_key":"aws","expressions":{"assume_role_policy":{},"managed_policy_arns":{"constant_value":["arn:aws:iam::aws:policy/service-role/AmazonRDSEnhancedMonitoringRole"]},"name":{"references":["local.identifier"]},"tags":{"references":["local.tags","local.identifier"]}},"schema_version":0,"count_expression":{"references":["var.is_create_db_instance","var.is_enable_monitoring"]}},{"address":"aws_secretsmanager_secret.postgres_creds","mode":"managed","type":"aws_secretsmanager_secret","name":"postgres_creds","provider_config_key":"aws","expressions":{"description":{"constant_value":"Postgres RDS Master Credentials"},"kms_key_id":{"references":["module.postgres_creds_kms_key[0].key_id","module.postgres_creds_kms_key[0]"]},"name":{"references":["local.identifier","random_string.postgres_creds_random_suffix.result","random_string.postgres_creds_random_suffix"]},"tags":{"references":["local.identifier","var.custom_tags"]}},"schema_version":0,"count_expression":{"references":["var.is_create_db_instance","var.is_create_secret"]}},{"address":"aws_secretsmanager_secret_version.postgres_creds","mode":"managed","type":"aws_secretsmanager_secret_version","name":"postgres_creds","provider_config_key":"aws","expressions":{"secret_id":{"references":["aws_secretsmanager_secret.postgres_creds[0].id","aws_secretsmanager_secret.postgres_creds[0]","aws_secretsmanager_secret.postgres_creds"]},"secret_string":{"references":["local.postgres_db_creds"]}},"schema_version":0,"count_expression":{"references":["var.is_create_db_instance","var.is_create_secret"]}},{"address":"aws_security_group.client","mode":"managed","type":"aws_security_group","name":"client","provider_config_key":"aws","expressions":{"description":{"references":["local.identifier"]},"name":{"references":["local.identifier"]},"tags":{"references":["local.tags","local.identifier"]},"vpc_id":{"references":["var.vpc_id"]}},"schema_version":1},{"address":"aws_security_group.cluster","mode":"managed","type":"aws_security_group","name":"cluster","provider_config_key":"aws","expressions":{"description":{"references":["local.identifier"]},"name":{"references":["local.identifier"]},"tags":{"references":["local.tags","local.identifier"]},"vpc_id":{"references":["var.vpc_id"]}},"schema_version":1,"count_expression":{"references":["var.is_create_db_instance","var.is_create_security_group"]}},{"address":"aws_security_group_rule.additional_client_egress","mode":"managed","type":"aws_security_group_rule","name":"additional_client_egress","provider_config_key":"aws","expressions":{"cidr_blocks":{"references":["var.additional_client_security_group_egress_rules","count.index","var.additional_client_security_group_egress_rules","count.index"]},"description":{"references":["var.additional_client_security_group_egress_rules","count.index"]},"from_port":{"references":["var.additional_client_security_group_egress_rules","count.index"]},"protocol":{"references":["var.additional_client_security_group_egress_rules","count.index"]},"security_group_id":{"references":["aws_security_group.client.id","aws_security_group.client"]},"source_security_group_id":{"references":["var.additional_client_security_group_egress_rules","count.index","var.additional_client_security_group_egress_rules","count.index"]},"to_port":{"references":["var.additional_client_security_group_egress_rules","count.index"]},"type":{"constant_value":"egress"}},"schema_version":2,"count_expression":{"references":["var.is_create_db_instance","var.is_create_security_group","var.additional_client_security_group_egress_rules"]}},{"address":"aws_security_group_rule.additional_client_ingress","mode":"managed","type":"aws_security_group_rule","name":"additional_client_ingress","provider_config_key":"aws","expressions":{"cidr_blocks":{"references":["var.additional_client_security_group_ingress_rules","count.index","var.additional_client_security_group_ingress_rules","count.index"]},"description":{"references":["var.additional_client_security_group_ingress_rules","count.index"]},"from_port":{"references":["var.additional_client_security_group_ingress_rules","count.index"]},"protocol":{"references":["var.additional_client_security_group_ingress_rules","count.index"]},"security_group_id":{"references":["aws_security_group.client.id","aws_security_group.client"]},"source_security_group_id":{"references":["var.additional_client_security_group_ingress_rules","count.index","var.additional_client_security_group_ingress_rules","count.index"]},"to_port":{"references":["var.additional_client_security_group_ingress_rules","count.index"]},"type":{"constant_value":"ingress"}},"schema_version":2,"count_expression":{"references":["var.is_create_db_instance","var.is_create_security_group","var.additional_client_security_group_ingress_rules"]}},{"address":"aws_security_group_rule.additional_cluster_ingress","mode":"managed","type":"aws_security_group_rule","name":"additional_cluster_ingress","provider_config_key":"aws","expressions":{"cidr_blocks":{"references":["var.additional_cluster_security_group_ingress_rules","count.index","var.additional_cluster_security_group_ingress_rules","count.index"]},"description":{"references":["var.additional_cluster_security_group_ingress_rules","count.index"]},"from_port":{"references":["var.additional_cluster_security_group_ingress_rules","count.index"]},"protocol":{"references":["var.additional_cluster_security_group_ingress_rules","count.index"]},"security_group_id":{"references":["local.rds_security_group_id"]},"source_security_group_id":{"references":["var.additional_cluster_security_group_ingress_rules","count.index","var.additional_cluster_security_group_ingress_rules","count.index"]},"to_port":{"references":["var.additional_cluster_security_group_ingress_rules","count.index"]},"type":{"constant_value":"ingress"}},"schema_version":2,"count_expression":{"references":["var.is_create_db_instance","var.is_create_security_group","var.additional_cluster_security_group_ingress_rules"]}},{"address":"aws_security_group_rule.from_client","mode":"managed","type":"aws_security_group_rule","name":"from_client","provider_config_key":"aws","expressions":{"description":{"constant_value":"Ingress rule for allow traffic from rds client security group"},"from_port":{"references":["var.port"]},"protocol":{"constant_value":"tcp"},"security_group_id":{"references":["local.rds_security_group_id"]},"source_security_group_id":{"references":["aws_security_group.client.id","aws_security_group.client"]},"to_port":{"references":["var.port"]},"type":{"constant_value":"ingress"}},"schema_version":2},{"address":"aws_security_group_rule.to_cluster","mode":"managed","type":"aws_security_group_rule","name":"to_cluster","provider_config_key":"aws","expressions":{"description":{"constant_value":"Egress rule for allow traffic to rds cluster security group"},"from_port":{"references":["var.port"]},"protocol":{"constant_value":"tcp"},"security_group_id":{"references":["aws_security_group.client.id","aws_security_group.client"]},"source_security_group_id":{"references":["local.rds_security_group_id"]},"to_port":{"references":["var.port"]},"type":{"constant_value":"egress"}},"schema_version":2},{"address":"aws_security_group_rule.to_internet","mode":"managed","type":"aws_security_group_rule","name":"to_internet","provider_config_key":"aws","expressions":{"cidr_blocks":{"constant_value":["0.0.0.0/0"]},"description":{"constant_value":"Egress rule for allow traffic to internet"},"from_port":{"constant_value":-1},"protocol":{"constant_value":"all"},"security_group_id":{"references":["local.rds_security_group_id"]},"to_port":{"constant_value":-1},"type":{"constant_value":"egress"}},"schema_version":2,"count_expression":{"references":["var.is_enable_internet_access"]}},{"address":"random_string.postgres_creds_random_suffix","mode":"managed","type":"random_string","name":"postgres_creds_random_suffix","provider_config_key":"module.rds_postgres:random","expressions":{"length":{"constant_value":6},"special":{"constant_value":false}},"schema_version":2},{"address":"data.aws_caller_identity.this","mode":"data","type":"aws_caller_identity","name":"this","provider_config_key":"aws","schema_version":0},{"address":"data.aws_iam_policy_document.cloudwatch_log_group_kms_policy","mode":"data","type":"aws_iam_policy_document","name":"cloudwatch_log_group_kms_policy","provider_config_key":"aws","expressions":{"statement":[{"actions":{"constant_value":["kms:Encrypt*","kms:Decrypt*","kms:ReEncrypt*","kms:GenerateDataKey*","kms:Describe*"]},"condition":[{"test":{"constant_value":"ArnEquals"},"values":{"references":["data.aws_region.this.name","data.aws_region.this","data.aws_caller_identity.this.account_id","data.aws_caller_identity.this","local.identifier","var.enabled_cloudwatch_logs_exports"]},"variable":{"constant_value":"kms:EncryptionContext:aws:logs:arn"}}],"principals":[{"identifiers":{"references":["data.aws_region.this.name","data.aws_region.this"]},"type":{"constant_value":"Service"}}],"resources":{"constant_value":["*"]},"sid":{"constant_value":"AllowCloudWatchToDoCryptography"}}]},"schema_version":0},{"address":"data.aws_region.this","mode":"data","type":"aws_region","name":"this","provider_config_key":"aws","schema_version":0}],"module_calls":{"cloudwatch_log_group_kms":{"source":"oozou/kms-key/aws","expressions":{"additional_policies":{"references":["data.aws_iam_policy_document.cloudwatch_log_group_kms_policy.json","data.aws_iam_policy_document.cloudwatch_log_group_kms_policy"]},"append_random_suffix":{"constant_value":true},"description":{"references":["local.identifier"]},"environment":{"references":["var.environment"]},"key_type":{"constant_value":"service"},"name":{"references":["var.name"]},"prefix":{"references":["var.prefix"]},"tags":{"references":["local.tags","local.identifier"]}},"count_expression":{"references":["var.is_create_db_instance","var.is_create_default_kms","var.cloudwatch_log_kms_key_arn"]},"module":{"outputs":{"key_arn":{"expression":{"references":["aws_kms_key.this"]},"description":"KMS key arn"},"key_id":{"expression":{"references":["aws_kms_key.this"]},"description":"KMS key id"}},"resources":[{"address":"aws_kms_alias.this","mode":"managed","type":"aws_kms_alias","name":"this","provider_config_key":"aws","expressions":{"name":{"references":["local.alias_name"]},"target_key_id":{"references":["aws_kms_key.this.key_id","aws_kms_key.this"]}},"schema_version":0},{"address":"aws_kms_key.this","mode":"managed","type":"aws_kms_key","name":"this","provider_config_key":"aws","expressions":{"deletion_window_in_days":{"references":["var.deletion_window"]},"description":{"references":["var.description"]},"enable_key_rotation":{"constant_value":true},"policy":{"references":["data.aws_iam_policy_document.kms_key_policy.json","data.aws_iam_policy_document.kms_key_policy"]},"tags":{"references":["local.alias_name","local.alias_name","local.tags"]}},"schema_version":0},{"address":"random_string.random_suffix","mode":"managed","type":"random_string","name":"random_suffix","provider_config_key":"module.rds_postgres:random","expressions":{"length":{"constant_value":5},"lower":{"constant_value":true},"numeric":{"constant_value":false},"special":{"constant_value":false},"upper":{"constant_value":false}},"schema_version":2},{"address":"data.aws_caller_identity.current","mode":"data","type":"aws_caller_identity","name":"current","provider_config_key":"aws","schema_version":0},{"address":"data.aws_iam_policy_document.admin_policy","mode":"data","type":"aws_iam_policy_document","name":"admin_policy","provider_config_key":"aws","expressions":{"statement":[{"actions":{"constant_value":["kms:Create*","kms:Describe*","kms:Enable*","kms:List*","kms:Put*","kms:Update*","kms:Revoke*","kms:Disable*","kms:Get*","kms:Delete*","kms:TagResource","kms:UntagResource","kms:ScheduleKeyDeletion","kms:CancelKeyDeletion"]},"principals":[{"identifiers":{"references":["data.aws_caller_identity.current.account_id","data.aws_caller_identity.current"]},"type":{"constant_value":"AWS"}}],"resources":{"constant_value":["*"]},"sid":{"constant_value":"Allow Admin"}}]},"schema_version":0},{"address":"data.aws_iam_policy_document.direct_cryptography","mode":"data","type":"aws_iam_policy_document","name":"direct_cryptography","provider_config_key":"aws","expressions":{"statement":[{"actions":{"constant_value":["kms:Encrypt","kms:Decrypt","kms:ReEncrypt*","kms:GenerateDataKey*","kms:CreateGrant","kms:DescribeKey"]},"principals":[{"identifiers":{"references":["var.direct_key_info.allow_access_from_principals","var.direct_key_info"]},"type":{"constant_value":"AWS"}}],"resources":{"constant_value":["*"]},"sid":{"constant_value":"Allow Cryptography"}}]},"schema_version":0,"count_expression":{"references":["local.service_key_count"]}},{"address":"data.aws_iam_policy_document.kms_key_policy","mode":"data","type":"aws_iam_policy_document","name":"kms_key_policy","provider_config_key":"aws","expressions":{"override_policy_documents":{"references":["var.additional_policies"]},"source_policy_documents":{"references":["local.service_key_count","data.aws_iam_policy_document.admin_policy.json","data.aws_iam_policy_document.admin_policy","data.aws_iam_policy_document.service_cryptography[0].json","data.aws_iam_policy_document.service_cryptography[0]","data.aws_iam_policy_document.service_cryptography","data.aws_iam_policy_document.admin_policy.json","data.aws_iam_policy_document.admin_policy","data.aws_iam_policy_document.direct_cryptography[0].json","data.aws_iam_policy_document.direct_cryptography[0]","data.aws_iam_policy_document.direct_cryptography"]}},"schema_version":0},{"address":"data.aws_iam_policy_document.service_cryptography","mode":"data","type":"aws_iam_policy_document","name":"service_cryptography","provider_config_key":"aws","expressions":{"statement":[{"actions":{"constant_value":["kms:Encrypt","kms:Decrypt","kms:ReEncrypt*","kms:GenerateDataKey*","kms:CreateGrant","kms:DescribeKey"]},"condition":[{"test":{"constant_value":"StringEquals"},"values":{"references":["var.service_key_info.aws_service_names","var.service_key_info"]},"variable":{"constant_value":"kms:ViaService"}},{"test":{"constant_value":"StringEquals"},"values":{"references":["var.service_key_info.caller_account_ids","var.service_key_info"]},"variable":{"constant_value":"kms:CallerAccount"}}],"principals":[{"identifiers":{"constant_value":["*"]},"type":{"constant_value":"AWS"}}],"resources":{"constant_value":["*"]},"sid":{"constant_value":"Allow Cryptography"}}]},"schema_version":0,"count_expression":{"references":["local.service_key_count"]}}],"variables":{"additional_policies":{"default":[],"description":"Additional IAM policies block, input as data source. Ref: https://registry.terraform.io/providers/hashicorp/aws/latest/docs/data-sources/iam_policy_document"},"append_random_suffix":{"default":true,"description":"Append a random string to the alias name. Default: true (yes)"},"deletion_window":{"default":30,"description":"Number of days before a key actually gets deleted once it's been scheduled for deletion. Valid value between 7 and 30 days"},"description":{"description":"The description to give to the key"},"direct_key_info":{"default":{"allow_access_from_principals":[]},"description":"Information required for a 'direct' key"},"environment":{"description":"Environment name used as environment resources name."},"key_type":{"description":"Indicate which kind of key to create: 'service' for key used by services; 'direct' for other keys. Must provide service_key or direct_key maps depending on the type"},"name":{"description":"Name used as a resources name."},"prefix":{"description":"The prefix name of customer to be displayed in AWS console and resource."},"service_key_info":{"default":{"aws_service_names":[],"caller_account_ids":[]},"description":"Information required for a 'service' key"},"tags":{"default":{},"description":"Tags to add more; default tags contian {terraform=true, environment=var.environment}"}}},"version_constraint":"1.0.0"},"custom_rds_alarms":{"source":"oozou/cloudwatch-alarm/aws","expressions":{"alarm_actions":{"references":["each.value"]},"alarm_description":{"references":["each.value","each.value","each.value","each.value","each.value","each.value"]},"comparison_operator":{"references":["local.comparison_operators","each.value"]},"dimensions":{"references":["aws_db_instance.this[0].identifier","aws_db_instance.this[0]","aws_db_instance.this"]},"environment":{"references":["var.environment"]},"evaluation_periods":{"references":["each.value"]},"metric_name":{"references":["each.value"]},"name":{"references":["local.identifier","each.key"]},"namespace":{"constant_value":"AWS/RDS"},"ok_actions":{"references":["each.value"]},"period":{"references":["each.value"]},"prefix":{"references":["var.prefix"]},"statistic":{"references":["each.value"]},"tags":{"references":["local.tags"]},"threshold":{"references":["each.value"]}},"for_each_expression":{"references":["var.is_create_db_instance","var.custom_rds_alarms_configure"]},"module":{"outputs":{"cloudwatch_metric_alarm_arn":{"expression":{"references":["aws_cloudwatch_metric_alarm.this.arn","aws_cloudwatch_metric_alarm.this"]},"description":"The ARN of the Cloudwatch metric alarm."},"cloudwatch_metric_alarm_id":{"expression":{"references":["aws_cloudwatch_metric_alarm.this.id","aws_cloudwatch_metric_alarm.this"]},"description":"The ID of the Cloudwatch metric alarm."}},"resources":[{"address":"aws_cloudwatch_metric_alarm.this","mode":"managed","type":"aws_cloudwatch_metric_alarm","name":"this","provider_config_key":"aws","expressions":{"actions_enabled":{"references":["var.actions_enabled"]},"alarm_actions":{"references":["var.alarm_actions"]},"alarm_description":{"references":["var.alarm_description"]},"alarm_name":{"references":["local.name"]},"comparison_operator":{"references":["var.comparison_operator"]},"datapoints_to_alarm":{"references":["var.datapoints_to_alarm"]},"dimensions":{"references":["var.dimensions"]},"evaluate_low_sample_count_percentiles":{"references":["var.evaluate_low_sample_count_percentiles"]},"evaluation_periods":{"references":["var.evaluation_periods"]},"extended_statistic":{"references":["var.extended_statistic"]},"insufficient_data_actions":{"references":["var.insufficient_data_actions"]},"metric_name":{"references":["var.metric_name"]},"namespace":{"references":["var.namespace"]},"ok_actions":{"references":["var.ok_actions"]},"period":{"references":["var.period"]},"statistic":{"references":["var.statistic"]},"tags":{"references":["local.tags","local.name"]},"threshold":{"references":["var.threshold"]},"threshold_metric_id":{"references":["var.threshold_metric_id"]},"treat_missing_data":{"references":["var.treat_missing_data"]},"unit":{"references":["var.unit"]}},"schema_version":1}],"variables":{"actions_enabled":{"default":true,"description":"Indicates whether or not actions should be executed during any changes to the alarm's state. Defaults to true."},"alarm_actions":{"default":null,"description":"The list of actions to execute when this alarm transitions into an ALARM state from any other state. Each action is specified as an Amazon Resource Name (ARN)."},"alarm_description":{"default":null,"description":"The description for the alarm."},"comparison_operator":{"description":"The arithmetic operation to use when comparing the specified Statistic and Threshold. The specified Statistic value is used as the first operand. Either of the following is supported: GreaterThanOrEqualToThreshold, GreaterThanThreshold, LessThanThreshold, LessThanOrEqualToThreshold."},"datapoints_to_alarm":{"default":null,"description":"The number of datapoints that must be breaching to trigger the alarm."},"dimensions":{"default":{},"description":"The dimensions for the alarm's associated metric."},"environment":{"description":"Environment Variable used as a prefix"},"evaluate_low_sample_count_percentiles":{"default":null,"description":"Used only for alarms based on percentiles. If you specify ignore, the alarm state will not change during periods with too few data points to be statistically significant. If you specify evaluate or omit this parameter, the alarm will always be evaluated and possibly change state no matter how many data points are available. The following values are supported: ignore, and evaluate."},"evaluation_periods":{"description":"The number of periods over which data is compared to the specified threshold."},"extended_statistic":{"default":null,"description":"The percentile statistic for the metric associated with the alarm. Specify a value between p0.0 and p100."},"insufficient_data_actions":{"default":null,"description":"The list of actions to execute when this alarm transitions into an INSUFFICIENT_DATA state from any other state. Each action is specified as an Amazon Resource Name (ARN)."},"metric_name":{"default":null,"description":"The name for the alarm's associated metric. See docs for supported metrics."},"metric_query":{"default":[],"description":"Enables you to create an alarm based on a metric math expression. You may specify at most 20."},"name":{"description":"Name of the ECS cluster to create"},"namespace":{"default":null,"description":"The namespace for the alarm's associated metric. See docs for the list of namespaces. See docs for supported metrics."},"ok_actions":{"default":null,"description":"The list of actions to execute when this alarm transitions into an OK state from any other state. Each action is specified as an Amazon Resource Name (ARN)."},"period":{"default":null,"description":"The period in seconds over which the specified statistic is applied."},"prefix":{"description":"The prefix name of customer to be displayed in AWS console and resource"},"statistic":{"default":null,"description":"The statistic to apply to the alarm's associated metric. Either of the following is supported: SampleCount, Average, Sum, Minimum, Maximum"},"tags":{"default":{},"description":"Custom tags which can be passed on to the AWS resources. They should be key value pairs having distinct keys"},"threshold":{"default":null,"description":"The value against which the specified statistic is compared."},"threshold_metric_id":{"default":null,"description":"If this is an alarm based on an anomaly detection model, make this value match the ID of the ANOMALY_DETECTION_BAND function."},"treat_missing_data":{"default":"missing","description":"Sets how this alarm is to handle missing data points. The following values are supported: missing, ignore, breaching and notBreaching."},"unit":{"default":null,"description":"The unit for the alarm's associated metric."}}},"version_constraint":"1.0.0","depends_on":["aws_db_instance.this[0]"]},"postgres_creds_kms_key":{"source":"oozou/kms-key/aws","expressions":{"append_random_suffix":{"constant_value":true},"description":{"references":["local.identifier"]},"environment":{"references":["var.environment"]},"key_type":{"constant_value":"service"},"name":{"references":["var.name"]},"prefix":{"references":["var.prefix"]},"service_key_info":{"references":["data.aws_region.this.name","data.aws_region.this","data.aws_caller_identity.this.account_id","data.aws_caller_identity.this"]}},"count_expression":{"references":["var.is_create_db_instance","var.storage_encrypted","var.is_create_secret"]},"module":{"outputs":{"key_arn":{"expression":{"references":["aws_kms_key.this"]},"description":"KMS key arn"},"key_id":{"expression":{"references":["aws_kms_key.this"]},"description":"KMS key id"}},"resources":[{"address":"aws_kms_alias.this","mode":"managed","type":"aws_kms_alias","name":"this","provider_config_key":"aws","expressions":{"name":{"references":["local.alias_name"]},"target_key_id":{"references":["aws_kms_key.this.key_id","aws_kms_key.this"]}},"schema_version":0},{"address":"aws_kms_key.this","mode":"managed","type":"aws_kms_key","name":"this","provider_config_key":"aws","expressions":{"deletion_window_in_days":{"references":["var.deletion_window"]},"description":{"references":["var.description"]},"enable_key_rotation":{"constant_value":true},"policy":{"references":["data.aws_iam_policy_document.kms_key_policy.json","data.aws_iam_policy_document.kms_key_policy"]},"tags":{"references":["local.alias_name","local.alias_name","local.tags"]}},"schema_version":0},{"address":"random_string.random_suffix","mode":"managed","type":"random_string","name":"random_suffix","provider_config_key":"module.rds_postgres:random","expressions":{"length":{"constant_value":5},"lower":{"constant_value":true},"numeric":{"constant_value":false},"special":{"constant_value":false},"upper":{"constant_value":false}},"schema_version":2},{"address":"data.aws_caller_identity.current","mode":"data","type":"aws_caller_identity","name":"current","provider_config_key":"aws","schema_version":0},{"address":"data.aws_iam_policy_document.admin_policy","mode":"data","type":"aws_iam_policy_document","name":"admin_policy","provider_config_key":"aws","expressions":{"statement":[{"actions":{"constant_value":["kms:Create*","kms:Describe*","kms:Enable*","kms:List*","kms:Put*","kms:Update*","kms:Revoke*","kms:Disable*","kms:Get*","kms:Delete*","kms:TagResource","kms:UntagResource","kms:ScheduleKeyDeletion","kms:CancelKeyDeletion"]},"principals":[{"identifiers":{"references":["data.aws_caller_identity.current.account_id","data.aws_caller_identity.current"]},"type":{"constant_value":"AWS"}}],"resources":{"constant_value":["*"]},"sid":{"constant_value":"Allow Admin"}}]},"schema_version":0},{"address":"data.aws_iam_policy_document.direct_cryptography","mode":"data","type":"aws_iam_policy_document","name":"direct_cryptography","provider_config_key":"aws","expressions":{"statement":[{"actions":{"constant_value":["kms:Encrypt","kms:Decrypt","kms:ReEncrypt*","kms:GenerateDataKey*","kms:CreateGrant","kms:DescribeKey"]},"principals":[{"identifiers":{"references":["var.direct_key_info.allow_access_from_principals","var.direct_key_info"]},"type":{"constant_value":"AWS"}}],"resources":{"constant_value":["*"]},"sid":{"constant_value":"Allow Cryptography"}}]},"schema_version":0,"count_expression":{"references":["local.service_key_count"]}},{"address":"data.aws_iam_policy_document.kms_key_policy","mode":"data","type":"aws_iam_policy_document","name":"kms_key_policy","provider_config_key":"aws","expressions":{"override_policy_documents":{"references":["var.additional_policies"]},"source_policy_documents":{"references":["local.service_key_count","data.aws_iam_policy_document.admin_policy.json","data.aws_iam_policy_document.admin_policy","data.aws_iam_policy_document.service_cryptography[0].json","data.aws_iam_policy_document.service_cryptography[0]","data.aws_iam_policy_document.service_cryptography","data.aws_iam_policy_document.admin_policy.json","data.aws_iam_policy_document.admin_policy","data.aws_iam_policy_document.direct_cryptography[0].json","data.aws_iam_policy_document.direct_cryptography[0]","data.aws_iam_policy_document.direct_cryptography"]}},"schema_version":0},{"address":"data.aws_iam_policy_document.service_cryptography","mode":"data","type":"aws_iam_policy_document","name":"service_cryptography","provider_config_key":"aws","expressions":{"statement":[{"actions":{"constant_value":["kms:Encrypt","kms:Decrypt","kms:ReEncrypt*","kms:GenerateDataKey*","kms:CreateGrant","kms:DescribeKey"]},"condition":[{"test":{"constant_value":"StringEquals"},"values":{"references":["var.service_key_info.aws_service_names","var.service_key_info"]},"variable":{"constant_value":"kms:ViaService"}},{"test":{"constant_value":"StringEquals"},"values":{"references":["var.service_key_info.caller_account_ids","var.service_key_info"]},"variable":{"constant_value":"kms:CallerAccount"}}],"principals":[{"identifiers":{"constant_value":["*"]},"type":{"constant_value":"AWS"}}],"resources":{"constant_value":["*"]},"sid":{"constant_value":"Allow Cryptography"}}]},"schema_version":0,"count_expression":{"references":["local.service_key_count"]}}],"variables":{"additional_policies":{"default":[],"description":"Additional IAM policies block, input as data source. Ref: https://registry.terraform.io/providers/hashicorp/aws/latest/docs/data-sources/iam_policy_document"},"append_random_suffix":{"default":true,"description":"Append a random string to the alias name. Default: true (yes)"},"deletion_window":{"default":30,"description":"Number of days before a key actually gets deleted once it's been scheduled for deletion. Valid value between 7 and 30 days"},"description":{"description":"The description to give to the key"},"direct_key_info":{"default":{"allow_access_from_principals":[]},"description":"Information required for a 'direct' key"},"environment":{"description":"Environment name used as environment resources name."},"key_type":{"description":"Indicate which kind of key to create: 'service' for key used by services; 'direct' for other keys. Must provide service_key or direct_key maps depending on the type"},"name":{"description":"Name used as a resources name."},"prefix":{"description":"The prefix name of customer to be displayed in AWS console and resource."},"service_key_info":{"default":{"aws_service_names":[],"caller_account_ids":[]},"description":"Information required for a 'service' key"},"tags":{"default":{},"description":"Tags to add more; default tags contian {terraform=true, environment=var.environment}"}}},"version_constraint":"1.0.0"},"rds_kms":{"source":"oozou/kms-key/aws","expressions":{"additional_policies":{"references":["var.additional_kms_key_policies"]},"append_random_suffix":{"constant_value":true},"description":{"references":["local.identifier"]},"environment":{"references":["var.environment"]},"key_type":{"constant_value":"service"},"name":{"references":["var.name"]},"prefix":{"references":["var.prefix"]},"service_key_info":{"references":["data.aws_caller_identity.this.account_id","data.aws_caller_identity.this","data.aws_region.this.name","data.aws_region.this"]},"tags":{"references":["local.tags"]}},"count_expression":{"references":["var.is_create_db_instance","var.storage_encrypted"]},"module":{"outputs":{"key_arn":{"expression":{"references":["aws_kms_key.this"]},"description":"KMS key arn"},"key_id":{"expression":{"references":["aws_kms_key.this"]},"description":"KMS key id"}},"resources":[{"address":"aws_kms_alias.this","mode":"managed","type":"aws_kms_alias","name":"this","provider_config_key":"aws","expressions":{"name":{"references":["local.alias_name"]},"target_key_id":{"references":["aws_kms_key.this.key_id","aws_kms_key.this"]}},"schema_version":0},{"address":"aws_kms_key.this","mode":"managed","type":"aws_kms_key","name":"this","provider_config_key":"aws","expressions":{"deletion_window_in_days":{"references":["var.deletion_window"]},"description":{"references":["var.description"]},"enable_key_rotation":{"constant_value":true},"policy":{"references":["data.aws_iam_policy_document.kms_key_policy.json","data.aws_iam_policy_document.kms_key_policy"]},"tags":{"references":["local.alias_name","local.alias_name","local.tags"]}},"schema_version":0},{"address":"random_string.random_suffix","mode":"managed","type":"random_string","name":"random_suffix","provider_config_key":"module.rds_postgres:random","expressions":{"length":{"constant_value":5},"lower":{"constant_value":true},"numeric":{"constant_value":false},"special":{"constant_value":false},"upper":{"constant_value":false}},"schema_version":2},{"address":"data.aws_caller_identity.current","mode":"data","type":"aws_caller_identity","name":"current","provider_config_key":"aws","schema_version":0},{"address":"data.aws_iam_policy_document.admin_policy","mode":"data","type":"aws_iam_policy_document","name":"admin_policy","provider_config_key":"aws","expressions":{"statement":[{"actions":{"constant_value":["kms:Create*","kms:Describe*","kms:Enable*","kms:List*","kms:Put*","kms:Update*","kms:Revoke*","kms:Disable*","kms:Get*","kms:Delete*","kms:TagResource","kms:UntagResource","kms:ScheduleKeyDeletion","kms:CancelKeyDeletion"]},"principals":[{"identifiers":{"references":["data.aws_caller_identity.current.account_id","data.aws_caller_identity.current"]},"type":{"constant_value":"AWS"}}],"resources":{"constant_value":["*"]},"sid":{"constant_value":"Allow Admin"}}]},"schema_version":0},{"address":"data.aws_iam_policy_document.direct_cryptography","mode":"data","type":"aws_iam_policy_document","name":"direct_cryptography","provider_config_key":"aws","expressions":{"statement":[{"actions":{"constant_value":["kms:Encrypt","kms:Decrypt","kms:ReEncrypt*","kms:GenerateDataKey*","kms:CreateGrant","kms:DescribeKey"]},"principals":[{"identifiers":{"references":["var.direct_key_info.allow_access_from_principals","var.direct_key_info"]},"type":{"constant_value":"AWS"}}],"resources":{"constant_value":["*"]},"sid":{"constant_value":"Allow Cryptography"}}]},"schema_version":0,"count_expression":{"references":["local.service_key_count"]}},{"address":"data.aws_iam_policy_document.kms_key_policy","mode":"data","type":"aws_iam_policy_document","name":"kms_key_policy","provider_config_key":"aws","expressions":{"override_policy_documents":{"references":["var.additional_policies"]},"source_policy_documents":{"references":["local.service_key_count","data.aws_iam_policy_document.admin_policy.json","data.aws_iam_policy_document.admin_policy","data.aws_iam_policy_document.service_cryptography[0].json","data.aws_iam_policy_document.service_cryptography[0]","data.aws_iam_policy_document.service_cryptography","data.aws_iam_policy_document.admin_policy.json","data.aws_iam_policy_document.admin_policy","data.aws_iam_policy_document.direct_cryptography[0].json","data.aws_iam_policy_document.direct_cryptography[0]","data.aws_iam_policy_document.direct_cryptography"]}},"schema_version":0},{"address":"data.aws_iam_policy_document.service_cryptography","mode":"data","type":"aws_iam_policy_document","name":"service_cryptography","provider_config_key":"aws","expressions":{"statement":[{"actions":{"constant_value":["kms:Encrypt","kms:Decrypt","kms:ReEncrypt*","kms:GenerateDataKey*","kms:CreateGrant","kms:DescribeKey"]},"condition":[{"test":{"constant_value":"StringEquals"},"values":{"references":["var.service_key_info.aws_service_names","var.service_key_info"]},"variable":{"constant_value":"kms:ViaService"}},{"test":{"constant_value":"StringEquals"},"values":{"references":["var.service_key_info.caller_account_ids","var.service_key_info"]},"variable":{"constant_value":"kms:CallerAccount"}}],"principals":[{"identifiers":{"constant_value":["*"]},"type":{"constant_value":"AWS"}}],"resources":{"constant_value":["*"]},"sid":{"constant_value":"Allow Cryptography"}}]},"schema_version":0,"count_expression":{"references":["local.service_key_count"]}}],"variables":{"additional_policies":{"default":[],"description":"Additional IAM policies block, input as data source. Ref: https://registry.terraform.io/providers/hashicorp/aws/latest/docs/data-sources/iam_policy_document"},"append_random_suffix":{"default":true,"description":"Append a random string to the alias name. Default: true (yes)"},"deletion_window":{"default":30,"description":"Number of days before a key actually gets deleted once it's been scheduled for deletion. Valid value between 7 and 30 days"},"description":{"description":"The description to give to the key"},"direct_key_info":{"default":{"allow_access_from_principals":[]},"description":"Information required for a 'direct' key"},"environment":{"description":"Environment name used as environment resources name."},"key_type":{"description":"Indicate which kind of key to create: 'service' for key used by services; 'direct' for other keys. Must provide service_key or direct_key maps depending on the type"},"name":{"description":"Name used as a resources name."},"prefix":{"description":"The prefix name of customer to be displayed in AWS console and resource."},"service_key_info":{"default":{"aws_service_names":[],"caller_account_ids":[]},"description":"Information required for a 'service' key"},"tags":{"default":{},"description":"Tags to add more; default tags contian {terraform=true, environment=var.environment}"}}},"version_constraint":"1.0.0"}},"variables":{"additional_client_security_group_egress_rules":{"default":[],"description":"Additional egress rule for client security group."},"additional_client_security_group_ingress_rules":{"default":[],"description":"Additional ingress rule for client security group."},"additional_cluster_security_group_ingress_rules":{"default":[],"description":"Additional ingress rule for cluster security group."},"additional_kms_key_policies":{"default":[],"description":"Additional IAM policies block, input as data source. Ref: https://registry.terraform.io/providers/hashicorp/aws/latest/docs/data-sources/iam_policy_document"},"allocated_storage":{"description":"The allocated storage in gigabytes"},"allow_major_version_upgrade":{"default":false,"description":"Indicates that major version upgrades are allowed. Changing this parameter does not result in an outage and the change is asynchronously applied as soon as possible"},"apply_immediately":{"default":false,"description":"Specifies whether any database modifications are applied immediately, or during the next maintenance window"},"auto_minor_version_upgrade":{"default":true,"description":"Indicates that minor engine upgrades will be applied automatically to the DB instance during the maintenance window"},"availability_zone":{"default":"","description":"The AZ for the RDS instance."},"backup_retention_period":{"default":30,"description":"The days to retain backups for. Mostly, for non-production is 7 days and production is 30 days. Default to 7 days"},"backup_window":{"default":null,"description":"The daily time range (in UTC) during which automated backups are created if they are enabled. Example: '09:46-10:16'. Must not overlap with maintenance_window"},"ca_cert_identifier":{"default":null,"description":"The identifier of the CA certificate for the DB instance"},"cloudwatch_log_kms_key_arn":{"default":null,"description":"The ARN for the KMS encryption key."},"cloudwatch_log_retention_in_days":{"default":90,"description":"Specifies the number of days you want to retain log events Possible values are: 1, 3, 5, 7, 14, 30, 60, 90, 120, 150, 180, 365, 400, 545, 731, 1827, 3653, and 0. If you select 0, the events in the log group are always retained and never expire"},"copy_tags_to_snapshot":{"default":true,"description":"On delete, copy all Instance tags to the final snapshot (if final_snapshot_identifier is specified)"},"custom_rds_alarms_configure":{"default":{},"description":"    custom_rds_alarms_configure = {\n      cpu_utilization_too_high = {\n        metric_name         = \"CPUUtilization\"\n        statistic           = \"Average\"\n        comparison_operator = \"\u003e=\"\n        threshold           = \"85\"\n        period              = \"300\"\n        evaluation_periods  = \"1\"\n        alarm_actions       = [sns_topic_arn]\n        ok_actions       = [sns_topic_arn]\n      }\n    }\n"},"custom_tags":{"default":{},"description":"Tags to add more; default tags contian {terraform=true, environment=var.environment}"},"db_option_engine_name":{"default":"","description":"Specifies the name of the engine that this option group should be associated with. If is_create_option_group is set to true this parameter is required. Ref:https://docs.aws.amazon.com/cli/latest/reference/rds/create-option-group.html"},"db_option_group_name":{"default":"","description":"if is_create_option_group is false, input existed option group name. If unspecified, the default option group will be used."},"db_option_major_engine_version":{"default":"","description":"Database MAJOR engine version, depends on engine type"},"db_options":{"default":[],"description":"A list of DB options to apply with an option group. Depends on DB engine"},"db_parameter_group_name_id":{"default":null,"description":"if is_create_parameter_group is false, input existed parameter group name id. If unspecified, the default parameter group will be used."},"db_subnet_group_name":{"default":"","description":"if is_create_db_subnet_group is false, input existed subnet group name. If unspecified, the default vpc subnet group will be used."},"default_alarm_actions":{"default":[],"description":"The list of actions to execute when this alarm transitions into an ALARM state from any other state. Each action is specified as an Amazon Resource Name (ARN)."},"default_ok_actions":{"default":[],"description":"The list of actions to execute when this alarm transitions into an OK state from any other state. Each action is specified as an Amazon Resource Name (ARN)."},"deletion_protection":{"default":false,"description":"The database can't be deleted when this value is set to true."},"enabled_cloudwatch_logs_exports":{"default":[],"description":"List of log types to enable for exporting to CloudWatch logs. If omitted, no logs will be exported. Valid values (depending on engine): MySQL and MariaDB: audit, error, general, slowquery. PostgreSQL: postgresql, upgrade. MSSQL: agent , error. Oracle: alert, audit, listener, trace."},"engine":{"description":"The database engine to use"},"engine_version":{"description":"The engine version to use. If auto_minor_version_upgrade is enabled, you can provide a prefix of the version such as 5.7 (for 5.7.10). The actual engine version used is returned in the attribute engine_version_actual, defined below."},"environment":{"description":"Environment name used as environment resources name."},"event_categories":{"default":["failure"],"description":"A list of event categories for a SourceType that you want to subscribe to See http://docs.aws.amazon.com/AmazonRDS/latest/UserGuide/USER_Events.html"},"family":{"description":"The database family to use"},"iam_database_authentication_enabled":{"default":"false","description":"Specifies whether or mappings of AWS Identity and Access Management (IAM) accounts to database accounts is enabled"},"instance_class":{"description":"The instance type of the RDS instance"},"iops":{"default":null,"description":"The amount of provisioned IOPS. Setting this implies a storage_type of 'io1' or 'gp3'"},"is_create_db_instance":{"default":true,"description":"Whether to create db instance or not"},"is_create_db_subnet_group":{"default":true,"description":"Whether to create db subnet group or not"},"is_create_default_kms":{"default":true,"description":"Whether to create cloudwatch log group kms or not"},"is_create_option_group":{"default":false,"description":"Whether to create db option group or not (Require for some DB engine)"},"is_create_parameter_group":{"default":true,"description":"Whether to create parameter group or not"},"is_create_secret":{"default":true,"description":"if create secret manager"},"is_create_security_group":{"default":true,"description":"Determines whether to create security group for RDS cluster"},"is_enable_default_alarms":{"default":false,"description":"if enable the default alarms"},"is_enable_internet_access":{"default":false,"description":"Determines whether to enable the outbound internet access"},"is_enable_monitoring":{"default":false,"description":"Whether to enable enhanced monitoring."},"kms_key_id":{"default":null,"description":"The ARN for the KMS encryption key. If creating an encrypted replica, set this to the destination KMS ARN. If storage_encrypted is set to true and kms_key_id is not specified the default KMS key created in your account will be used"},"license_model":{"default":"","description":"License model for this DB. Optional, but required for some DB Engines. Valid values: license-included | bring-your-own-license | general-public-license"},"maintenance_window":{"default":null,"description":"The window to perform maintenance in. Syntax: 'ddd:hh24:mi-ddd:hh24:mi'. Eg: 'Mon:00:00-Mon:03:00'"},"max_allocated_storage":{"default":0,"description":"When configured, the upper limit to which Amazon RDS can automatically scale the storage of the DB instance. Must be greater than or equal to allocated_storage or leave as default to disable Storage Autoscaling"},"monitoring_interval":{"default":0,"description":"The interval, in seconds, between points when Enhanced Monitoring metrics are collected for the DB instance. To disable collecting Enhanced Monitoring metrics, specify 0. The default is 0. Valid Values: 0, 1, 5, 10, 15, 30, 60."},"monitoring_role_arn":{"default":"","description":"The ARN for the IAM role that permits RDS to send enhanced monitoring metrics to CloudWatch Logs. Must be specified if monitoring_interval is non-zero. If unspecified, terraform will create new role."},"multi_az":{"default":false,"description":"Specifies if the RDS instance is multi-AZ"},"name":{"description":"Name used as a resources name."},"parameters":{"default":[],"description":"A list of DB parameter maps to apply"},"password":{"description":"(Required unless a snapshot_identifier or replicate_source_db is provided) Password for the master DB user. Note that this may show up in logs, and it will be stored in the state file."},"performance_insights_enabled":{"default":false,"description":"whether Performance Insights are enabled."},"performance_insights_kms_key_id":{"default":null,"description":"The ARN for the KMS key to encrypt Performance Insights data. Once KMS key is set, it can never be changed. If performance_insights_enabled is set to true and performance_insights_use_cmk is set to false and performance_insights_kms_key_id is not specified the default KMS key in your account will be used"},"performance_insights_retention_period":{"default":null,"description":"The amount of time in days to retain Performance Insights data. Either 7 (7 days) or 731 (2 years)."},"performance_insights_use_cmk":{"default":false,"description":"whether Performance Insights encryption using customer managed key(KMS)."},"port":{"description":"The port on which the DB accepts connections. Mostly, postgres=5432, mssql=1433, mariadb=3306"},"prefix":{"description":"The prefix name of customer to be displayed in AWS console and resource."},"publicly_accessible":{"default":false,"description":"Bool to control if instance is publicly accessible"},"skip_final_snapshot":{"default":false,"description":"Determines whether a final DB snapshot is created before the DB instance is deleted. If true is specified, no DBSnapshot is created. If false is specified, a DB snapshot is created before the DB instance is deleted, using the value from final_snapshot_identifier"},"snapshot_identifier":{"default":null,"description":"Specifies whether or not to create this database from a snapshot. This correlates to the snapshot ID you'd find in the RDS console, e.g: rds:production-2015-06-26-06-05."},"storage_encrypted":{"default":true,"description":"Specifies whether the DB instance is encrypted"},"storage_throughput":{"default":null,"description":"he storage throughput value for the DB instance. Can only be set when storage_type is 'gp3'"},"storage_type":{"default":"gp2","description":"One of 'standard' (magnetic), 'gp2' (general purpose SSD), or 'io1' (provisioned IOPS SSD). The default is 'io1' if iops is specified, 'standard' if not. Note that this behaviour is different from the AWS web console, where the default is 'gp2'."},"subnet_ids":{"default":[],"description":"A list of VPC subnet IDs"},"timeouts":{"default":{"create":"120m","delete":"40m","update":"80m"},"description":"Updated Terraform resource management timeouts. Applies to `aws_db_instance` in particular to permit resource management times"},"timezone":{"default":"","description":"Time zone of the DB instance. timezone is currently only supported by Microsoft SQL Server. The timezone can only be set on creation. See MSSQL User Guide for more information."},"username":{"description":"(Required unless a snapshot_identifier or replicate_source_db is provided) Username for the master DB user. Cannot be specified for a replica."},"vpc_id":{"description":"ID of the VPC where to create security group"}}},"version_constraint":"2.1.2"}},"variables":{"generic_info":{"description":"Generic infomation"},"is_database_created":{"default":true,"description":"if create postgres database"},"networking_info":{"description":"  `vpc_id`              \u003e\u003e VPC to deploy the cluster in\n  `public_subnet_ids`   \u003e\u003e Public subnets for AWS Application Load Balancer deployment\n  `private_subnet_ids`  \u003e\u003e Private subnets for container deployment\n  `database_subnet_ids` \u003e\u003e private subnets for ElastiCache cluster\n"},"rds_additional_client_security_group_ingress_rules":{"default":[],"description":"Additional ingress rule for client security group."},"rds_additional_cluster_security_group_ingress_rules":{"default":[],"description":"Additional ingress rule for cluster security group."},"rds_backup_retention_period":{"default":30,"description":"The days to retain backups for. Mostly, for non-production is 7 days and production is 30 days. Default to 7 days"},"rds_backup_window":{"default":null,"description":"The daily time range (in UTC) during which automated backups are created if they are enabled. Example: '09:46-10:16'. Must not overlap with maintenance_window"},"rds_credential":{"description":"  username \u003e\u003e (Required unless a snapshot_identifier or replicate_source_db is provided) Username for the master DB user. Cannot be specified for a replica.\n  password \u003e\u003e (Required unless a snapshot_identifier or replicate_source_db is provided) Password for the master DB user. Note that this may show up in logs, and it will be stored in the state file.\n","sensitive":true},"rds_deletion_protection":{"default":false,"description":"The database can't be deleted when this value is set to true."},"rds_enabled_cloudwatch_logs_exports":{"default":[],"description":"List of log types to enable for exporting to CloudWatch logs. If omitted, no logs will be exported. Valid values (depending on engine): MySQL and MariaDB: audit, error, general, slowquery. PostgreSQL: postgresql, upgrade. MSSQL: agent , error. Oracle: alert, audit, listener, trace."},"rds_engine":{"description":"The database engine to use"},"rds_engine_version":{"description":"The engine version to use. If auto_minor_version_upgrade is enabled, you can provide a prefix of the version such as 5.7 (for 5.7.10). The actual engine version used is returned in the attribute engine_version_actual, defined below."},"rds_instance_class":{"description":"The instance type of the RDS instance"},"rds_maintenance_window":{"default":null,"description":"The window to perform maintenance in. Syntax: 'ddd:hh24:mi-ddd:hh24:mi'. Eg: 'Mon:00:00-Mon:03:00'"},"rds_parameter_family":{"description":"The database family to use"},"rds_parameters":{"default":[],"description":"A list of DB parameter maps to apply"},"rds_storage":{"default":{"allocated_storage":20,"iops":null,"max_allocated_storage":50,"storage_throughput":null,"storage_type":"gp3"},"description":"  allocated_storage     \u003e\u003e The allocated storage in gigabytes\n  max_allocated_storage \u003e\u003e When configured, the upper limit to which Amazon RDS can automatically scale the storage of the DB instance. Must be greater than or equal to allocated_storage or leave as default to disable Storage Autoscaling\n  storage_type          = \"gp3\"\n\n"},"rds_storage_encrypted":{"description":"Specifies whether the DB instance is encrypted"}}}},"relevant_attributes":[{"resource":"module.rds_postgres.module.rds_kms[0].aws_kms_key.this","attribute":["key_id"]},{"resource":"module.rds_postgres.module.rds_kms.aws_kms_key.this","attribute":[]},{"resource":"module.rds_postgres.module.postgres_creds_kms_key[0].random_string.random_suffix","attribute":["result"]},{"resource":"module.rds_postgres.aws_secretsmanager_secret.postgres_creds[0]","attribute":["id"]},{"resource":"module.rds_postgres.aws_db_option_group.this","attribute":[]},{"resource":"module.rds_postgres.aws_secretsmanager_secret.postgres_creds[0]","attribute":["name"]},{"resource":"module.rds_postgres.aws_db_instance.this[0]","attribute":["address"]},{"resource":"module.rds_postgres.random_string.postgres_creds_random_suffix","attribute":["result"]},{"resource":"module.rds_postgres.module.rds_kms[0].aws_kms_key.this","attribute":[]},{"resource":"module.rds_postgres.module.cloudwatch_log_group_kms[0].aws_kms_key.this","attribute":[]},{"resource":"module.rds_postgres.module.cloudwatch_log_group_kms[0].random_string.random_suffix","attribute":["result"]},{"resource":"module.rds_postgres.module.rds_kms[0].random_string.random_suffix","attribute":["result"]},{"resource":"module.rds_postgres.module.rds_kms.data.aws_iam_policy_document.kms_key_policy","attribute":["json"]},{"resource":"module.rds_postgres.module.rds_kms[0].data.aws_iam_policy_document.kms_key_policy","attribute":["json"]},{"resource":"module.rds_postgres.module.postgres_creds_kms_key[0].data.aws_iam_policy_document.kms_key_policy","attribute":["json"]},{"resource":"module.rds_postgres.aws_security_group.cluster","attribute":[]},{"resource":"module.rds_postgres.module.postgres_creds_kms_key[0].aws_kms_key.this","attribute":["key_id"]},{"resource":"module.rds_postgres.module.cloudwatch_log_group_kms[0].aws_kms_key.this","attribute":["key_id"]},{"resource":"module.rds_postgres.module.postgres_creds_kms_key[0].aws_kms_key.this","attribute":[]},{"resource":"module.rds_postgres.aws_iam_role.enhanced_monitoring","attribute":[]},{"resource":"module.rds_postgres.aws_db_subnet_group.this","attribute":[]},{"resource":"module.rds_postgres.aws_security_group.client","attribute":["id"]},{"resource":"module.rds_postgres.module.cloudwatch_log_group_kms[0].data.aws_iam_policy_document.kms_key_policy","attribute":["json"]},{"resource":"module.rds_postgres.aws_db_parameter_group.this","attribute":[]},{"resource":"module.rds_postgres.module.rds_kms.random_string.random_suffix","attribute":["result"]},{"resource":"module.rds_postgres.aws_security_group.cluster[0]","attribute":["id"]},{"resource":"module.rds_postgres.aws_db_instance.this","attribute":[]}],"timestamp":"2025-05-31T14:42:04Z","applyable":true,"complete":true,"errored":false}
